
Microsoft Visual Studio Solution File, Format Version 12.00
# Visual Studio Version 16
VisualStudioVersion = 16.6.30114.105
MinimumVisualStudioVersion = 10.0.40219.1
Project("{FAE04EC0-301F-11D3-BF4B-00C04F79EFBC}") = "R5T.D0109.Construction", "R5T.D0109.Construction\R5T.D0109.Construction.csproj", "{41DB8B97-9489-4E2F-BBEB-9C0C0761E8CB}"
EndProject
Project("{2150E333-8FDC-42A3-9474-1A3956D46DE8}") = "_Dependencies", "_Dependencies", "{62E0BBAA-36E2-4C2B-ADFF-62C9E13DE1A4}"
EndProject
Project("{FAE04EC0-301F-11D3-BF4B-00C04F79EFBC}") = "R5T.Plymouth.ProgramAsAService", "..\..\R5T.Plymouth\source\R5T.Plymouth.ProgramAsAService\R5T.Plymouth.ProgramAsAService.csproj", "{3FE8BE4C-E3A9-474B-8C5A-B843E75CE7D2}"
EndProject
Project("{FAE04EC0-301F-11D3-BF4B-00C04F79EFBC}") = "R5T.T0027.T009", "..\..\R5T.T0027\source\R5T.T0027.T009\R5T.T0027.T009.csproj", "{EE33E7E9-138E-4D4D-A8A9-C8F3BBA7FB6D}"
EndProject
Project("{FAE04EC0-301F-11D3-BF4B-00C04F79EFBC}") = "R5T.D0109.I001", "R5T.D0109.I001\R5T.D0109.I001.csproj", "{5E7E6432-92EE-4271-B30A-4C2F2FD7CBFB}"
EndProject
Project("{FAE04EC0-301F-11D3-BF4B-00C04F79EFBC}") = "R5T.D0109.Base", "R5T.D0109.Base\R5T.D0109.Base.csproj", "{3377784C-3A78-4B16-BD3C-9E97270BE62B}"
EndProject
Project("{FAE04EC0-301F-11D3-BF4B-00C04F79EFBC}") = "R5T.Dacia.Extensions", "..\..\R5T.Dacia.Extensions\source\R5T.Dacia.Extensions\R5T.Dacia.Extensions.csproj", "{13A08393-63D8-4683-9318-572A28547302}"
EndProject
Project("{FAE04EC0-301F-11D3-BF4B-00C04F79EFBC}") = "R5T.Dacia.T002", "..\..\R5T.Dacia\source\R5T.Dacia.T002\R5T.Dacia.T002.csproj", "{D7B949C2-6B0E-45A0-A003-10CC79AFFD7B}"
EndProject
Global
	GlobalSection(SolutionConfigurationPlatforms) = preSolution
		Debug|Any CPU = Debug|Any CPU
		Debug|x64 = Debug|x64
		Debug|x86 = Debug|x86
		Release|Any CPU = Release|Any CPU
		Release|x64 = Release|x64
		Release|x86 = Release|x86
	EndGlobalSection
	GlobalSection(SolutionProperties) = preSolution
		HideSolutionNode = FALSE
	EndGlobalSection
	GlobalSection(ProjectConfigurationPlatforms) = postSolution
		{41DB8B97-9489-4E2F-BBEB-9C0C0761E8CB}.Debug|Any CPU.ActiveCfg = Debug|Any CPU
		{41DB8B97-9489-4E2F-BBEB-9C0C0761E8CB}.Debug|Any CPU.Build.0 = Debug|Any CPU
		{41DB8B97-9489-4E2F-BBEB-9C0C0761E8CB}.Debug|x64.ActiveCfg = Debug|Any CPU
		{41DB8B97-9489-4E2F-BBEB-9C0C0761E8CB}.Debug|x64.Build.0 = Debug|Any CPU
		{41DB8B97-9489-4E2F-BBEB-9C0C0761E8CB}.Debug|x86.ActiveCfg = Debug|Any CPU
		{41DB8B97-9489-4E2F-BBEB-9C0C0761E8CB}.Debug|x86.Build.0 = Debug|Any CPU
		{41DB8B97-9489-4E2F-BBEB-9C0C0761E8CB}.Release|Any CPU.ActiveCfg = Release|Any CPU
		{41DB8B97-9489-4E2F-BBEB-9C0C0761E8CB}.Release|Any CPU.Build.0 = Release|Any CPU
		{41DB8B97-9489-4E2F-BBEB-9C0C0761E8CB}.Release|x64.ActiveCfg = Release|Any CPU
		{41DB8B97-9489-4E2F-BBEB-9C0C0761E8CB}.Release|x64.Build.0 = Release|Any CPU
		{41DB8B97-9489-4E2F-BBEB-9C0C0761E8CB}.Release|x86.ActiveCfg = Release|Any CPU
		{41DB8B97-9489-4E2F-BBEB-9C0C0761E8CB}.Release|x86.Build.0 = Release|Any CPU
		{3FE8BE4C-E3A9-474B-8C5A-B843E75CE7D2}.Debug|Any CPU.ActiveCfg = Debug|Any CPU
		{3FE8BE4C-E3A9-474B-8C5A-B843E75CE7D2}.Debug|Any CPU.Build.0 = Debug|Any CPU
		{3FE8BE4C-E3A9-474B-8C5A-B843E75CE7D2}.Debug|x64.ActiveCfg = Debug|Any CPU
		{3FE8BE4C-E3A9-474B-8C5A-B843E75CE7D2}.Debug|x64.Build.0 = Debug|Any CPU
		{3FE8BE4C-E3A9-474B-8C5A-B843E75CE7D2}.Debug|x86.ActiveCfg = Debug|Any CPU
		{3FE8BE4C-E3A9-474B-8C5A-B843E75CE7D2}.Debug|x86.Build.0 = Debug|Any CPU
		{3FE8BE4C-E3A9-474B-8C5A-B843E75CE7D2}.Release|Any CPU.ActiveCfg = Release|Any CPU
		{3FE8BE4C-E3A9-474B-8C5A-B843E75CE7D2}.Release|Any CPU.Build.0 = Release|Any CPU
		{3FE8BE4C-E3A9-474B-8C5A-B843E75CE7D2}.Release|x64.ActiveCfg = Release|Any CPU
		{3FE8BE4C-E3A9-474B-8C5A-B843E75CE7D2}.Release|x64.Build.0 = Release|Any CPU
		{3FE8BE4C-E3A9-474B-8C5A-B843E75CE7D2}.Release|x86.ActiveCfg = Release|Any CPU
		{3FE8BE4C-E3A9-474B-8C5A-B843E75CE7D2}.Release|x86.Build.0 = Release|Any CPU
		{EE33E7E9-138E-4D4D-A8A9-C8F3BBA7FB6D}.Debug|Any CPU.ActiveCfg = Debug|Any CPU
		{EE33E7E9-138E-4D4D-A8A9-C8F3BBA7FB6D}.Debug|Any CPU.Build.0 = Debug|Any CPU
		{EE33E7E9-138E-4D4D-A8A9-C8F3BBA7FB6D}.Debug|x64.ActiveCfg = Debug|Any CPU
		{EE33E7E9-138E-4D4D-A8A9-C8F3BBA7FB6D}.Debug|x64.Build.0 = Debug|Any CPU
		{EE33E7E9-138E-4D4D-A8A9-C8F3BBA7FB6D}.Debug|x86.ActiveCfg = Debug|Any CPU
		{EE33E7E9-138E-4D4D-A8A9-C8F3BBA7FB6D}.Debug|x86.Build.0 = Debug|Any CPU
		{EE33E7E9-138E-4D4D-A8A9-C8F3BBA7FB6D}.Release|Any CPU.ActiveCfg = Release|Any CPU
		{EE33E7E9-138E-4D4D-A8A9-C8F3BBA7FB6D}.Release|Any CPU.Build.0 = Release|Any CPU
		{EE33E7E9-138E-4D4D-A8A9-C8F3BBA7FB6D}.Release|x64.ActiveCfg = Release|Any CPU
		{EE33E7E9-138E-4D4D-A8A9-C8F3BBA7FB6D}.Release|x64.Build.0 = Release|Any CPU
		{EE33E7E9-138E-4D4D-A8A9-C8F3BBA7FB6D}.Release|x86.ActiveCfg = Release|Any CPU
		{EE33E7E9-138E-4D4D-A8A9-C8F3BBA7FB6D}.Release|x86.Build.0 = Release|Any CPU
		{5E7E6432-92EE-4271-B30A-4C2F2FD7CBFB}.Debug|Any CPU.ActiveCfg = Debug|Any CPU
		{5E7E6432-92EE-4271-B30A-4C2F2FD7CBFB}.Debug|Any CPU.Build.0 = Debug|Any CPU
		{5E7E6432-92EE-4271-B30A-4C2F2FD7CBFB}.Debug|x64.ActiveCfg = Debug|Any CPU
		{5E7E6432-92EE-4271-B30A-4C2F2FD7CBFB}.Debug|x64.Build.0 = Debug|Any CPU
		{5E7E6432-92EE-4271-B30A-4C2F2FD7CBFB}.Debug|x86.ActiveCfg = Debug|Any CPU
		{5E7E6432-92EE-4271-B30A-4C2F2FD7CBFB}.Debug|x86.Build.0 = Debug|Any CPU
		{5E7E6432-92EE-4271-B30A-4C2F2FD7CBFB}.Release|Any CPU.ActiveCfg = Release|Any CPU
		{5E7E6432-92EE-4271-B30A-4C2F2FD7CBFB}.Release|Any CPU.Build.0 = Release|Any CPU
		{5E7E6432-92EE-4271-B30A-4C2F2FD7CBFB}.Release|x64.ActiveCfg = Release|Any CPU
		{5E7E6432-92EE-4271-B30A-4C2F2FD7CBFB}.Release|x64.Build.0 = Release|Any CPU
		{5E7E6432-92EE-4271-B30A-4C2F2FD7CBFB}.Release|x86.ActiveCfg = Release|Any CPU
		{5E7E6432-92EE-4271-B30A-4C2F2FD7CBFB}.Release|x86.Build.0 = Release|Any CPU
		{3377784C-3A78-4B16-BD3C-9E97270BE62B}.Debug|Any CPU.ActiveCfg = Debug|Any CPU
		{3377784C-3A78-4B16-BD3C-9E97270BE62B}.Debug|Any CPU.Build.0 = Debug|Any CPU
		{3377784C-3A78-4B16-BD3C-9E97270BE62B}.Debug|x64.ActiveCfg = Debug|Any CPU
		{3377784C-3A78-4B16-BD3C-9E97270BE62B}.Debug|x64.Build.0 = Debug|Any CPU
		{3377784C-3A78-4B16-BD3C-9E97270BE62B}.Debug|x86.ActiveCfg = Debug|Any CPU
		{3377784C-3A78-4B16-BD3C-9E97270BE62B}.Debug|x86.Build.0 = Debug|Any CPU
		{3377784C-3A78-4B16-BD3C-9E97270BE62B}.Release|Any CPU.ActiveCfg = Release|Any CPU
		{3377784C-3A78-4B16-BD3C-9E97270BE62B}.Release|Any CPU.Build.0 = Release|Any CPU
		{3377784C-3A78-4B16-BD3C-9E97270BE62B}.Release|x64.ActiveCfg = Release|Any CPU
		{3377784C-3A78-4B16-BD3C-9E97270BE62B}.Release|x64.Build.0 = Release|Any CPU
		{3377784C-3A78-4B16-BD3C-9E97270BE62B}.Release|x86.ActiveCfg = Release|Any CPU
		{3377784C-3A78-4B16-BD3C-9E97270BE62B}.Release|x86.Build.0 = Release|Any CPU
		{13A08393-63D8-4683-9318-572A28547302}.Debug|Any CPU.ActiveCfg = Debug|Any CPU
		{13A08393-63D8-4683-9318-572A28547302}.Debug|Any CPU.Build.0 = Debug|Any CPU
		{13A08393-63D8-4683-9318-572A28547302}.Debug|x64.ActiveCfg = Debug|Any CPU
		{13A08393-63D8-4683-9318-572A28547302}.Debug|x64.Build.0 = Debug|Any CPU
		{13A08393-63D8-4683-9318-572A28547302}.Debug|x86.ActiveCfg = Debug|Any CPU
		{13A08393-63D8-4683-9318-572A28547302}.Debug|x86.Build.0 = Debug|Any CPU
		{13A08393-63D8-4683-9318-572A28547302}.Release|Any CPU.ActiveCfg = Release|Any CPU
		{13A08393-63D8-4683-9318-572A28547302}.Release|Any CPU.Build.0 = Release|Any CPU
		{13A08393-63D8-4683-9318-572A28547302}.Release|x64.ActiveCfg = Release|Any CPU
		{13A08393-63D8-4683-9318-572A28547302}.Release|x64.Build.0 = Release|Any CPU
		{13A08393-63D8-4683-9318-572A28547302}.Release|x86.ActiveCfg = Release|Any CPU
		{13A08393-63D8-4683-9318-572A28547302}.Release|x86.Build.0 = Release|Any CPU
		{D7B949C2-6B0E-45A0-A003-10CC79AFFD7B}.Debug|Any CPU.ActiveCfg = Debug|Any CPU
		{D7B949C2-6B0E-45A0-A003-10CC79AFFD7B}.Debug|Any CPU.Build.0 = Debug|Any CPU
		{D7B949C2-6B0E-45A0-A003-10CC79AFFD7B}.Debug|x64.ActiveCfg = Debug|Any CPU
		{D7B949C2-6B0E-45A0-A003-10CC79AFFD7B}.Debug|x64.Build.0 = Debug|Any CPU
		{D7B949C2-6B0E-45A0-A003-10CC79AFFD7B}.Debug|x86.ActiveCfg = Debug|Any CPU
		{D7B949C2-6B0E-45A0-A003-10CC79AFFD7B}.Debug|x86.Build.0 = Debug|Any CPU
		{D7B949C2-6B0E-45A0-A003-10CC79AFFD7B}.Release|Any CPU.ActiveCfg = Release|Any CPU
		{D7B949C2-6B0E-45A0-A003-10CC79AFFD7B}.Release|Any CPU.Build.0 = Release|Any CPU
		{D7B949C2-6B0E-45A0-A003-10CC79AFFD7B}.Release|x64.ActiveCfg = Release|Any CPU
		{D7B949C2-6B0E-45A0-A003-10CC79AFFD7B}.Release|x64.Build.0 = Release|Any CPU
		{D7B949C2-6B0E-45A0-A003-10CC79AFFD7B}.Release|x86.ActiveCfg = Release|Any CPU
		{D7B949C2-6B0E-45A0-A003-10CC79AFFD7B}.Release|x86.Build.0 = Release|Any CPU
	EndGlobalSection
	GlobalSection(NestedProjects) = preSolution
		{3FE8BE4C-E3A9-474B-8C5A-B843E75CE7D2} = {62E0BBAA-36E2-4C2B-ADFF-62C9E13DE1A4}
		{EE33E7E9-138E-4D4D-A8A9-C8F3BBA7FB6D} = {62E0BBAA-36E2-4C2B-ADFF-62C9E13DE1A4}
		{13A08393-63D8-4683-9318-572A28547302} = {62E0BBAA-36E2-4C2B-ADFF-62C9E13DE1A4}
		{D7B949C2-6B0E-45A0-A003-10CC79AFFD7B} = {62E0BBAA-36E2-4C2B-ADFF-62C9E13DE1A4}
	EndGlobalSection
EndGlobal
