
Microsoft Visual Studio Solution File, Format Version 12.00
# Visual Studio Version 17
VisualStudioVersion = 17.2.32630.192
MinimumVisualStudioVersion = 10.0.40219.1
Project("{FAE04EC0-301F-11D3-BF4B-00C04F79EFBC}") = "R5T.D0109.A001", "R5T.D0109.A001\R5T.D0109.A001.csproj", "{353A7780-C8F7-4A7F-97FE-AE4AC7D706FF}"
EndProject
Project("{FAE04EC0-301F-11D3-BF4B-00C04F79EFBC}") = "R5T.D0109.I001", "R5T.D0109.I001\R5T.D0109.I001.csproj", "{72CE150E-9221-41C8-B01B-3BB778255B55}"
EndProject
Project("{FAE04EC0-301F-11D3-BF4B-00C04F79EFBC}") = "R5T.D0109.Base", "R5T.D0109.Base\R5T.D0109.Base.csproj", "{D91139D0-D529-425B-B9C1-33C685E2927A}"
EndProject
Project("{2150E333-8FDC-42A3-9474-1A3956D46DE8}") = "_Dependencies", "_Dependencies", "{6A2EC47C-51EB-4A63-A0F4-82D12EB1D075}"
EndProject
Project("{FAE04EC0-301F-11D3-BF4B-00C04F79EFBC}") = "R5T.Dacia.Extensions", "..\..\R5T.Dacia.Extensions\source\R5T.Dacia.Extensions\R5T.Dacia.Extensions.csproj", "{B53056A4-7BB9-4B10-BBD9-927CB65390AE}"
EndProject
Project("{FAE04EC0-301F-11D3-BF4B-00C04F79EFBC}") = "R5T.Dacia.T002", "..\..\R5T.Dacia\source\R5T.Dacia.T002\R5T.Dacia.T002.csproj", "{B6771C10-B500-45BE-947D-497658F06BC2}"
EndProject
Project("{9A19103F-16F7-4668-BE54-9A1E7A4F7556}") = "R5T.Dacia", "..\..\R5T.Dacia\source\R5T.Dacia\R5T.Dacia.csproj", "{76081C49-DF0E-4D38-A7A9-F6A8AB817CDD}"
EndProject
Project("{9A19103F-16F7-4668-BE54-9A1E7A4F7556}") = "R5T.L0013", "..\..\R5T.L0013\source\R5T.L0013\R5T.L0013.csproj", "{19FA6442-92EF-433E-91C1-9FF535BB5A49}"
EndProject
Project("{9A19103F-16F7-4668-BE54-9A1E7A4F7556}") = "R5T.L0019.X001", "..\..\R5T.L0019\source\R5T.L0019.X001\R5T.L0019.X001.csproj", "{0576DB3C-FDD7-48EF-9DCE-F34E5DEF1EDB}"
EndProject
Project("{9A19103F-16F7-4668-BE54-9A1E7A4F7556}") = "R5T.L0019", "..\..\R5T.L0019\source\R5T.L0019\R5T.L0019.csproj", "{4D0F950F-B720-49D7-9824-0D73D8BD1AF6}"
EndProject
Project("{9A19103F-16F7-4668-BE54-9A1E7A4F7556}") = "R5T.Magyar.X000", "..\..\R5T.Magyar\source\R5T.Magyar.X000\R5T.Magyar.X000.csproj", "{7FA12589-951A-4667-9446-8640AB39A74D}"
EndProject
Project("{9A19103F-16F7-4668-BE54-9A1E7A4F7556}") = "R5T.Magyar", "..\..\R5T.Magyar\source\R5T.Magyar\R5T.Magyar.csproj", "{15480E2F-FAFF-43C3-8893-5DC83A89BC7E}"
EndProject
Project("{9A19103F-16F7-4668-BE54-9A1E7A4F7556}") = "R5T.T0039.T002", "..\..\R5T.T0039\source\R5T.T0039.T002\R5T.T0039.T002.csproj", "{E8937825-418A-4C4C-AE94-336212A15564}"
EndProject
Project("{9A19103F-16F7-4668-BE54-9A1E7A4F7556}") = "R5T.T0042.X001", "..\..\R5T.T0042\source\R5T.T0042.X001\R5T.T0042.X001.csproj", "{CBFF6883-EB6A-436F-8B17-596217E9C4DC}"
EndProject
Project("{9A19103F-16F7-4668-BE54-9A1E7A4F7556}") = "R5T.T0042", "..\..\R5T.T0042\source\R5T.T0042\R5T.T0042.csproj", "{E75FD630-C986-4A4B-9360-12E4C5D087F8}"
EndProject
Project("{9A19103F-16F7-4668-BE54-9A1E7A4F7556}") = "R5T.T0044.X001", "..\..\R5T.T0044\source\R5T.T0044.X001\R5T.T0044.X001.csproj", "{0CC1BC36-5748-4690-A474-D983343B9104}"
EndProject
Project("{9A19103F-16F7-4668-BE54-9A1E7A4F7556}") = "R5T.T0044", "..\..\R5T.T0044\source\R5T.T0044\R5T.T0044.csproj", "{4E760515-CA7D-4DFD-A206-322CCA4F55CB}"
EndProject
Project("{9A19103F-16F7-4668-BE54-9A1E7A4F7556}") = "R5T.T0055.X001", "..\..\R5T.T0055\source\R5T.T0055.X001\R5T.T0055.X001.csproj", "{3699D0A2-8ABB-4CBC-A76F-4EF414B2FD41}"
EndProject
Project("{9A19103F-16F7-4668-BE54-9A1E7A4F7556}") = "R5T.T0055", "..\..\R5T.T0055\source\R5T.T0055\R5T.T0055.csproj", "{36900540-27E0-4462-9B14-7135EFE7FC15}"
EndProject
Project("{9A19103F-16F7-4668-BE54-9A1E7A4F7556}") = "R5T.T0057.X002", "..\..\R5T.T0057\source\R5T.T0057.X002\R5T.T0057.X002.csproj", "{C2F0AA41-DAE2-4A70-9A10-DECCF4E81EB1}"
EndProject
Project("{9A19103F-16F7-4668-BE54-9A1E7A4F7556}") = "R5T.T0057", "..\..\R5T.T0057\source\R5T.T0057\R5T.T0057.csproj", "{4B0090C8-18DB-4396-A79B-BBFD5017BBCE}"
EndProject
Project("{9A19103F-16F7-4668-BE54-9A1E7A4F7556}") = "R5T.T0060", "..\..\R5T.T0060\source\R5T.T0060\R5T.T0060.csproj", "{9597A7AC-F09C-447E-BF62-D1D7467B0BAC}"
EndProject
Project("{9A19103F-16F7-4668-BE54-9A1E7A4F7556}") = "R5T.T0062.X001", "..\..\R5T.T0062\source\R5T.T0062.X001\R5T.T0062.X001.csproj", "{D5BC3591-76DE-40AC-9BD4-81458A5B77B4}"
EndProject
Project("{9A19103F-16F7-4668-BE54-9A1E7A4F7556}") = "R5T.T0062", "..\..\R5T.T0062\source\R5T.T0062\R5T.T0062.csproj", "{357B6C40-F3AD-4289-BC54-73208EB62D39}"
EndProject
Project("{9A19103F-16F7-4668-BE54-9A1E7A4F7556}") = "R5T.T0063", "..\..\R5T.T0063\source\R5T.T0063\R5T.T0063.csproj", "{47EBB73B-747C-4697-A690-87244DEFC992}"
EndProject
Project("{9A19103F-16F7-4668-BE54-9A1E7A4F7556}") = "R5T.T0064", "..\..\R5T.T0064\source\R5T.T0064\R5T.T0064.csproj", "{35E95BA7-AB86-412F-B73F-126C97A743C1}"
EndProject
Project("{9A19103F-16F7-4668-BE54-9A1E7A4F7556}") = "R5T.T0092.X001", "..\..\R5T.T0092\source\R5T.T0092.X001\R5T.T0092.X001.csproj", "{D69A1DF2-1D71-4F25-8F1D-A601BA7AF4A9}"
EndProject
Project("{9A19103F-16F7-4668-BE54-9A1E7A4F7556}") = "R5T.T0092", "..\..\R5T.T0092\source\R5T.T0092\R5T.T0092.csproj", "{57B939ED-5046-491D-9FB8-C3AA897D1E38}"
EndProject
Project("{9A19103F-16F7-4668-BE54-9A1E7A4F7556}") = "R5T.T0093.X001", "..\..\R5T.T0093\source\R5T.T0093.X001\R5T.T0093.X001.csproj", "{4BA3CC32-49DE-4F1E-A00E-EE97DF14CE41}"
EndProject
Project("{9A19103F-16F7-4668-BE54-9A1E7A4F7556}") = "R5T.T0093", "..\..\R5T.T0093\source\R5T.T0093\R5T.T0093.csproj", "{740EA81E-085B-423E-9300-F176EB8D1E64}"
EndProject
Project("{9A19103F-16F7-4668-BE54-9A1E7A4F7556}") = "R5T.T0094.X001", "..\..\R5T.T0094\source\R5T.T0094.X001\R5T.T0094.X001.csproj", "{B15B37BA-7304-4F92-8052-0D9AB3AD21A5}"
EndProject
Project("{9A19103F-16F7-4668-BE54-9A1E7A4F7556}") = "R5T.T0094", "..\..\R5T.T0094\source\R5T.T0094\R5T.T0094.csproj", "{461C6602-40A6-4E86-A5A7-115AA386C005}"
EndProject
Project("{9A19103F-16F7-4668-BE54-9A1E7A4F7556}") = "R5T.T0098", "..\..\R5T.T0098\source\R5T.T0098\R5T.T0098.csproj", "{C7F3C42D-2AB0-4A49-8350-A25B4CB80F1E}"
EndProject
Project("{9A19103F-16F7-4668-BE54-9A1E7A4F7556}") = "R5T.T0101.X001", "..\..\R5T.T0101\source\R5T.T0101.X001\R5T.T0101.X001.csproj", "{C8E693EA-E010-4BC8-BEC8-A80317F924FC}"
EndProject
Project("{9A19103F-16F7-4668-BE54-9A1E7A4F7556}") = "R5T.T0101", "..\..\R5T.T0101\source\R5T.T0101\R5T.T0101.csproj", "{B3D7A884-F8FF-4976-8918-05A4C7E77E6E}"
EndProject
Project("{9A19103F-16F7-4668-BE54-9A1E7A4F7556}") = "R5T.T0102", "..\..\R5T.T0102\source\R5T.T0102\R5T.T0102.csproj", "{61B76213-4FA5-48B1-A89B-AA9F83A0ED80}"
EndProject
Project("{9A19103F-16F7-4668-BE54-9A1E7A4F7556}") = "R5T.T0143", "..\..\R5T.T0143\source\R5T.T0143\R5T.T0143.csproj", "{E6E57F27-2360-46BD-88F8-804BCB99C2AF}"
EndProject
Global
	GlobalSection(NestedProjects) = preSolution
		{B53056A4-7BB9-4B10-BBD9-927CB65390AE} = {6A2EC47C-51EB-4A63-A0F4-82D12EB1D075}
		{B6771C10-B500-45BE-947D-497658F06BC2} = {6A2EC47C-51EB-4A63-A0F4-82D12EB1D075}
		{76081C49-DF0E-4D38-A7A9-F6A8AB817CDD} = {6A2EC47C-51EB-4A63-A0F4-82D12EB1D075}
		{19FA6442-92EF-433E-91C1-9FF535BB5A49} = {6A2EC47C-51EB-4A63-A0F4-82D12EB1D075}
		{0576DB3C-FDD7-48EF-9DCE-F34E5DEF1EDB} = {6A2EC47C-51EB-4A63-A0F4-82D12EB1D075}
		{4D0F950F-B720-49D7-9824-0D73D8BD1AF6} = {6A2EC47C-51EB-4A63-A0F4-82D12EB1D075}
		{7FA12589-951A-4667-9446-8640AB39A74D} = {6A2EC47C-51EB-4A63-A0F4-82D12EB1D075}
		{15480E2F-FAFF-43C3-8893-5DC83A89BC7E} = {6A2EC47C-51EB-4A63-A0F4-82D12EB1D075}
		{E8937825-418A-4C4C-AE94-336212A15564} = {6A2EC47C-51EB-4A63-A0F4-82D12EB1D075}
		{CBFF6883-EB6A-436F-8B17-596217E9C4DC} = {6A2EC47C-51EB-4A63-A0F4-82D12EB1D075}
		{E75FD630-C986-4A4B-9360-12E4C5D087F8} = {6A2EC47C-51EB-4A63-A0F4-82D12EB1D075}
		{0CC1BC36-5748-4690-A474-D983343B9104} = {6A2EC47C-51EB-4A63-A0F4-82D12EB1D075}
		{4E760515-CA7D-4DFD-A206-322CCA4F55CB} = {6A2EC47C-51EB-4A63-A0F4-82D12EB1D075}
		{3699D0A2-8ABB-4CBC-A76F-4EF414B2FD41} = {6A2EC47C-51EB-4A63-A0F4-82D12EB1D075}
		{36900540-27E0-4462-9B14-7135EFE7FC15} = {6A2EC47C-51EB-4A63-A0F4-82D12EB1D075}
		{C2F0AA41-DAE2-4A70-9A10-DECCF4E81EB1} = {6A2EC47C-51EB-4A63-A0F4-82D12EB1D075}
		{4B0090C8-18DB-4396-A79B-BBFD5017BBCE} = {6A2EC47C-51EB-4A63-A0F4-82D12EB1D075}
		{9597A7AC-F09C-447E-BF62-D1D7467B0BAC} = {6A2EC47C-51EB-4A63-A0F4-82D12EB1D075}
		{D5BC3591-76DE-40AC-9BD4-81458A5B77B4} = {6A2EC47C-51EB-4A63-A0F4-82D12EB1D075}
		{357B6C40-F3AD-4289-BC54-73208EB62D39} = {6A2EC47C-51EB-4A63-A0F4-82D12EB1D075}
		{47EBB73B-747C-4697-A690-87244DEFC992} = {6A2EC47C-51EB-4A63-A0F4-82D12EB1D075}
		{35E95BA7-AB86-412F-B73F-126C97A743C1} = {6A2EC47C-51EB-4A63-A0F4-82D12EB1D075}
		{D69A1DF2-1D71-4F25-8F1D-A601BA7AF4A9} = {6A2EC47C-51EB-4A63-A0F4-82D12EB1D075}
		{57B939ED-5046-491D-9FB8-C3AA897D1E38} = {6A2EC47C-51EB-4A63-A0F4-82D12EB1D075}
		{4BA3CC32-49DE-4F1E-A00E-EE97DF14CE41} = {6A2EC47C-51EB-4A63-A0F4-82D12EB1D075}
		{740EA81E-085B-423E-9300-F176EB8D1E64} = {6A2EC47C-51EB-4A63-A0F4-82D12EB1D075}
		{B15B37BA-7304-4F92-8052-0D9AB3AD21A5} = {6A2EC47C-51EB-4A63-A0F4-82D12EB1D075}
		{461C6602-40A6-4E86-A5A7-115AA386C005} = {6A2EC47C-51EB-4A63-A0F4-82D12EB1D075}
		{C7F3C42D-2AB0-4A49-8350-A25B4CB80F1E} = {6A2EC47C-51EB-4A63-A0F4-82D12EB1D075}
		{C8E693EA-E010-4BC8-BEC8-A80317F924FC} = {6A2EC47C-51EB-4A63-A0F4-82D12EB1D075}
		{B3D7A884-F8FF-4976-8918-05A4C7E77E6E} = {6A2EC47C-51EB-4A63-A0F4-82D12EB1D075}
		{61B76213-4FA5-48B1-A89B-AA9F83A0ED80} = {6A2EC47C-51EB-4A63-A0F4-82D12EB1D075}
		{E6E57F27-2360-46BD-88F8-804BCB99C2AF} = {6A2EC47C-51EB-4A63-A0F4-82D12EB1D075}
	EndGlobalSection
	GlobalSection(SolutionConfigurationPlatforms) = preSolution
		Debug|Any CPU = Debug|Any CPU
		Debug|x64 = Debug|x64
		Debug|x86 = Debug|x86
		Release|Any CPU = Release|Any CPU
		Release|x64 = Release|x64
		Release|x86 = Release|x86
	EndGlobalSection
	GlobalSection(ProjectConfigurationPlatforms) = postSolution
		{353A7780-C8F7-4A7F-97FE-AE4AC7D706FF}.Debug|Any CPU.ActiveCfg = Debug|Any CPU
		{353A7780-C8F7-4A7F-97FE-AE4AC7D706FF}.Debug|Any CPU.Build.0 = Debug|Any CPU
		{353A7780-C8F7-4A7F-97FE-AE4AC7D706FF}.Debug|x64.ActiveCfg = Debug|Any CPU
		{353A7780-C8F7-4A7F-97FE-AE4AC7D706FF}.Debug|x64.Build.0 = Debug|Any CPU
		{353A7780-C8F7-4A7F-97FE-AE4AC7D706FF}.Debug|x86.ActiveCfg = Debug|Any CPU
		{353A7780-C8F7-4A7F-97FE-AE4AC7D706FF}.Debug|x86.Build.0 = Debug|Any CPU
		{353A7780-C8F7-4A7F-97FE-AE4AC7D706FF}.Release|Any CPU.ActiveCfg = Release|Any CPU
		{353A7780-C8F7-4A7F-97FE-AE4AC7D706FF}.Release|Any CPU.Build.0 = Release|Any CPU
		{353A7780-C8F7-4A7F-97FE-AE4AC7D706FF}.Release|x64.ActiveCfg = Release|Any CPU
		{353A7780-C8F7-4A7F-97FE-AE4AC7D706FF}.Release|x64.Build.0 = Release|Any CPU
		{353A7780-C8F7-4A7F-97FE-AE4AC7D706FF}.Release|x86.ActiveCfg = Release|Any CPU
		{353A7780-C8F7-4A7F-97FE-AE4AC7D706FF}.Release|x86.Build.0 = Release|Any CPU
		{72CE150E-9221-41C8-B01B-3BB778255B55}.Debug|Any CPU.ActiveCfg = Debug|Any CPU
		{72CE150E-9221-41C8-B01B-3BB778255B55}.Debug|Any CPU.Build.0 = Debug|Any CPU
		{72CE150E-9221-41C8-B01B-3BB778255B55}.Debug|x64.ActiveCfg = Debug|Any CPU
		{72CE150E-9221-41C8-B01B-3BB778255B55}.Debug|x64.Build.0 = Debug|Any CPU
		{72CE150E-9221-41C8-B01B-3BB778255B55}.Debug|x86.ActiveCfg = Debug|Any CPU
		{72CE150E-9221-41C8-B01B-3BB778255B55}.Debug|x86.Build.0 = Debug|Any CPU
		{72CE150E-9221-41C8-B01B-3BB778255B55}.Release|Any CPU.ActiveCfg = Release|Any CPU
		{72CE150E-9221-41C8-B01B-3BB778255B55}.Release|Any CPU.Build.0 = Release|Any CPU
		{72CE150E-9221-41C8-B01B-3BB778255B55}.Release|x64.ActiveCfg = Release|Any CPU
		{72CE150E-9221-41C8-B01B-3BB778255B55}.Release|x64.Build.0 = Release|Any CPU
		{72CE150E-9221-41C8-B01B-3BB778255B55}.Release|x86.ActiveCfg = Release|Any CPU
		{72CE150E-9221-41C8-B01B-3BB778255B55}.Release|x86.Build.0 = Release|Any CPU
		{D91139D0-D529-425B-B9C1-33C685E2927A}.Debug|Any CPU.ActiveCfg = Debug|Any CPU
		{D91139D0-D529-425B-B9C1-33C685E2927A}.Debug|Any CPU.Build.0 = Debug|Any CPU
		{D91139D0-D529-425B-B9C1-33C685E2927A}.Debug|x64.ActiveCfg = Debug|Any CPU
		{D91139D0-D529-425B-B9C1-33C685E2927A}.Debug|x64.Build.0 = Debug|Any CPU
		{D91139D0-D529-425B-B9C1-33C685E2927A}.Debug|x86.ActiveCfg = Debug|Any CPU
		{D91139D0-D529-425B-B9C1-33C685E2927A}.Debug|x86.Build.0 = Debug|Any CPU
		{D91139D0-D529-425B-B9C1-33C685E2927A}.Release|Any CPU.ActiveCfg = Release|Any CPU
		{D91139D0-D529-425B-B9C1-33C685E2927A}.Release|Any CPU.Build.0 = Release|Any CPU
		{D91139D0-D529-425B-B9C1-33C685E2927A}.Release|x64.ActiveCfg = Release|Any CPU
		{D91139D0-D529-425B-B9C1-33C685E2927A}.Release|x64.Build.0 = Release|Any CPU
		{D91139D0-D529-425B-B9C1-33C685E2927A}.Release|x86.ActiveCfg = Release|Any CPU
		{D91139D0-D529-425B-B9C1-33C685E2927A}.Release|x86.Build.0 = Release|Any CPU
		{B53056A4-7BB9-4B10-BBD9-927CB65390AE}.Debug|Any CPU.ActiveCfg = Debug|Any CPU
		{B53056A4-7BB9-4B10-BBD9-927CB65390AE}.Debug|Any CPU.Build.0 = Debug|Any CPU
		{B53056A4-7BB9-4B10-BBD9-927CB65390AE}.Debug|x64.ActiveCfg = Debug|Any CPU
		{B53056A4-7BB9-4B10-BBD9-927CB65390AE}.Debug|x64.Build.0 = Debug|Any CPU
		{B53056A4-7BB9-4B10-BBD9-927CB65390AE}.Debug|x86.ActiveCfg = Debug|Any CPU
		{B53056A4-7BB9-4B10-BBD9-927CB65390AE}.Debug|x86.Build.0 = Debug|Any CPU
		{B53056A4-7BB9-4B10-BBD9-927CB65390AE}.Release|Any CPU.ActiveCfg = Release|Any CPU
		{B53056A4-7BB9-4B10-BBD9-927CB65390AE}.Release|Any CPU.Build.0 = Release|Any CPU
		{B53056A4-7BB9-4B10-BBD9-927CB65390AE}.Release|x64.ActiveCfg = Release|Any CPU
		{B53056A4-7BB9-4B10-BBD9-927CB65390AE}.Release|x64.Build.0 = Release|Any CPU
		{B53056A4-7BB9-4B10-BBD9-927CB65390AE}.Release|x86.ActiveCfg = Release|Any CPU
		{B53056A4-7BB9-4B10-BBD9-927CB65390AE}.Release|x86.Build.0 = Release|Any CPU
		{B6771C10-B500-45BE-947D-497658F06BC2}.Debug|Any CPU.ActiveCfg = Debug|Any CPU
		{B6771C10-B500-45BE-947D-497658F06BC2}.Debug|Any CPU.Build.0 = Debug|Any CPU
		{B6771C10-B500-45BE-947D-497658F06BC2}.Debug|x64.ActiveCfg = Debug|Any CPU
		{B6771C10-B500-45BE-947D-497658F06BC2}.Debug|x64.Build.0 = Debug|Any CPU
		{B6771C10-B500-45BE-947D-497658F06BC2}.Debug|x86.ActiveCfg = Debug|Any CPU
		{B6771C10-B500-45BE-947D-497658F06BC2}.Debug|x86.Build.0 = Debug|Any CPU
		{B6771C10-B500-45BE-947D-497658F06BC2}.Release|Any CPU.ActiveCfg = Release|Any CPU
		{B6771C10-B500-45BE-947D-497658F06BC2}.Release|Any CPU.Build.0 = Release|Any CPU
		{B6771C10-B500-45BE-947D-497658F06BC2}.Release|x64.ActiveCfg = Release|Any CPU
		{B6771C10-B500-45BE-947D-497658F06BC2}.Release|x64.Build.0 = Release|Any CPU
		{B6771C10-B500-45BE-947D-497658F06BC2}.Release|x86.ActiveCfg = Release|Any CPU
		{B6771C10-B500-45BE-947D-497658F06BC2}.Release|x86.Build.0 = Release|Any CPU
		{76081C49-DF0E-4D38-A7A9-F6A8AB817CDD}.Debug|Any CPU.ActiveCfg = Debug|Any CPU
		{76081C49-DF0E-4D38-A7A9-F6A8AB817CDD}.Debug|Any CPU.Build.0 = Debug|Any CPU
		{76081C49-DF0E-4D38-A7A9-F6A8AB817CDD}.Debug|x64.ActiveCfg = Debug|Any CPU
		{76081C49-DF0E-4D38-A7A9-F6A8AB817CDD}.Debug|x64.Build.0 = Debug|Any CPU
		{76081C49-DF0E-4D38-A7A9-F6A8AB817CDD}.Debug|x86.ActiveCfg = Debug|Any CPU
		{76081C49-DF0E-4D38-A7A9-F6A8AB817CDD}.Debug|x86.Build.0 = Debug|Any CPU
		{76081C49-DF0E-4D38-A7A9-F6A8AB817CDD}.Release|Any CPU.ActiveCfg = Release|Any CPU
		{76081C49-DF0E-4D38-A7A9-F6A8AB817CDD}.Release|Any CPU.Build.0 = Release|Any CPU
		{76081C49-DF0E-4D38-A7A9-F6A8AB817CDD}.Release|x64.ActiveCfg = Release|Any CPU
		{76081C49-DF0E-4D38-A7A9-F6A8AB817CDD}.Release|x64.Build.0 = Release|Any CPU
		{76081C49-DF0E-4D38-A7A9-F6A8AB817CDD}.Release|x86.ActiveCfg = Release|Any CPU
		{76081C49-DF0E-4D38-A7A9-F6A8AB817CDD}.Release|x86.Build.0 = Release|Any CPU
		{19FA6442-92EF-433E-91C1-9FF535BB5A49}.Debug|Any CPU.ActiveCfg = Debug|Any CPU
		{19FA6442-92EF-433E-91C1-9FF535BB5A49}.Debug|Any CPU.Build.0 = Debug|Any CPU
		{19FA6442-92EF-433E-91C1-9FF535BB5A49}.Debug|x64.ActiveCfg = Debug|Any CPU
		{19FA6442-92EF-433E-91C1-9FF535BB5A49}.Debug|x64.Build.0 = Debug|Any CPU
		{19FA6442-92EF-433E-91C1-9FF535BB5A49}.Debug|x86.ActiveCfg = Debug|Any CPU
		{19FA6442-92EF-433E-91C1-9FF535BB5A49}.Debug|x86.Build.0 = Debug|Any CPU
		{19FA6442-92EF-433E-91C1-9FF535BB5A49}.Release|Any CPU.ActiveCfg = Release|Any CPU
		{19FA6442-92EF-433E-91C1-9FF535BB5A49}.Release|Any CPU.Build.0 = Release|Any CPU
		{19FA6442-92EF-433E-91C1-9FF535BB5A49}.Release|x64.ActiveCfg = Release|Any CPU
		{19FA6442-92EF-433E-91C1-9FF535BB5A49}.Release|x64.Build.0 = Release|Any CPU
		{19FA6442-92EF-433E-91C1-9FF535BB5A49}.Release|x86.ActiveCfg = Release|Any CPU
		{19FA6442-92EF-433E-91C1-9FF535BB5A49}.Release|x86.Build.0 = Release|Any CPU
		{0576DB3C-FDD7-48EF-9DCE-F34E5DEF1EDB}.Debug|Any CPU.ActiveCfg = Debug|Any CPU
		{0576DB3C-FDD7-48EF-9DCE-F34E5DEF1EDB}.Debug|Any CPU.Build.0 = Debug|Any CPU
		{0576DB3C-FDD7-48EF-9DCE-F34E5DEF1EDB}.Debug|x64.ActiveCfg = Debug|Any CPU
		{0576DB3C-FDD7-48EF-9DCE-F34E5DEF1EDB}.Debug|x64.Build.0 = Debug|Any CPU
		{0576DB3C-FDD7-48EF-9DCE-F34E5DEF1EDB}.Debug|x86.ActiveCfg = Debug|Any CPU
		{0576DB3C-FDD7-48EF-9DCE-F34E5DEF1EDB}.Debug|x86.Build.0 = Debug|Any CPU
		{0576DB3C-FDD7-48EF-9DCE-F34E5DEF1EDB}.Release|Any CPU.ActiveCfg = Release|Any CPU
		{0576DB3C-FDD7-48EF-9DCE-F34E5DEF1EDB}.Release|Any CPU.Build.0 = Release|Any CPU
		{0576DB3C-FDD7-48EF-9DCE-F34E5DEF1EDB}.Release|x64.ActiveCfg = Release|Any CPU
		{0576DB3C-FDD7-48EF-9DCE-F34E5DEF1EDB}.Release|x64.Build.0 = Release|Any CPU
		{0576DB3C-FDD7-48EF-9DCE-F34E5DEF1EDB}.Release|x86.ActiveCfg = Release|Any CPU
		{0576DB3C-FDD7-48EF-9DCE-F34E5DEF1EDB}.Release|x86.Build.0 = Release|Any CPU
		{4D0F950F-B720-49D7-9824-0D73D8BD1AF6}.Debug|Any CPU.ActiveCfg = Debug|Any CPU
		{4D0F950F-B720-49D7-9824-0D73D8BD1AF6}.Debug|Any CPU.Build.0 = Debug|Any CPU
		{4D0F950F-B720-49D7-9824-0D73D8BD1AF6}.Debug|x64.ActiveCfg = Debug|Any CPU
		{4D0F950F-B720-49D7-9824-0D73D8BD1AF6}.Debug|x64.Build.0 = Debug|Any CPU
		{4D0F950F-B720-49D7-9824-0D73D8BD1AF6}.Debug|x86.ActiveCfg = Debug|Any CPU
		{4D0F950F-B720-49D7-9824-0D73D8BD1AF6}.Debug|x86.Build.0 = Debug|Any CPU
		{4D0F950F-B720-49D7-9824-0D73D8BD1AF6}.Release|Any CPU.ActiveCfg = Release|Any CPU
		{4D0F950F-B720-49D7-9824-0D73D8BD1AF6}.Release|Any CPU.Build.0 = Release|Any CPU
		{4D0F950F-B720-49D7-9824-0D73D8BD1AF6}.Release|x64.ActiveCfg = Release|Any CPU
		{4D0F950F-B720-49D7-9824-0D73D8BD1AF6}.Release|x64.Build.0 = Release|Any CPU
		{4D0F950F-B720-49D7-9824-0D73D8BD1AF6}.Release|x86.ActiveCfg = Release|Any CPU
		{4D0F950F-B720-49D7-9824-0D73D8BD1AF6}.Release|x86.Build.0 = Release|Any CPU
		{7FA12589-951A-4667-9446-8640AB39A74D}.Debug|Any CPU.ActiveCfg = Debug|Any CPU
		{7FA12589-951A-4667-9446-8640AB39A74D}.Debug|Any CPU.Build.0 = Debug|Any CPU
		{7FA12589-951A-4667-9446-8640AB39A74D}.Debug|x64.ActiveCfg = Debug|Any CPU
		{7FA12589-951A-4667-9446-8640AB39A74D}.Debug|x64.Build.0 = Debug|Any CPU
		{7FA12589-951A-4667-9446-8640AB39A74D}.Debug|x86.ActiveCfg = Debug|Any CPU
		{7FA12589-951A-4667-9446-8640AB39A74D}.Debug|x86.Build.0 = Debug|Any CPU
		{7FA12589-951A-4667-9446-8640AB39A74D}.Release|Any CPU.ActiveCfg = Release|Any CPU
		{7FA12589-951A-4667-9446-8640AB39A74D}.Release|Any CPU.Build.0 = Release|Any CPU
		{7FA12589-951A-4667-9446-8640AB39A74D}.Release|x64.ActiveCfg = Release|Any CPU
		{7FA12589-951A-4667-9446-8640AB39A74D}.Release|x64.Build.0 = Release|Any CPU
		{7FA12589-951A-4667-9446-8640AB39A74D}.Release|x86.ActiveCfg = Release|Any CPU
		{7FA12589-951A-4667-9446-8640AB39A74D}.Release|x86.Build.0 = Release|Any CPU
		{15480E2F-FAFF-43C3-8893-5DC83A89BC7E}.Debug|Any CPU.ActiveCfg = Debug|Any CPU
		{15480E2F-FAFF-43C3-8893-5DC83A89BC7E}.Debug|Any CPU.Build.0 = Debug|Any CPU
		{15480E2F-FAFF-43C3-8893-5DC83A89BC7E}.Debug|x64.ActiveCfg = Debug|Any CPU
		{15480E2F-FAFF-43C3-8893-5DC83A89BC7E}.Debug|x64.Build.0 = Debug|Any CPU
		{15480E2F-FAFF-43C3-8893-5DC83A89BC7E}.Debug|x86.ActiveCfg = Debug|Any CPU
		{15480E2F-FAFF-43C3-8893-5DC83A89BC7E}.Debug|x86.Build.0 = Debug|Any CPU
		{15480E2F-FAFF-43C3-8893-5DC83A89BC7E}.Release|Any CPU.ActiveCfg = Release|Any CPU
		{15480E2F-FAFF-43C3-8893-5DC83A89BC7E}.Release|Any CPU.Build.0 = Release|Any CPU
		{15480E2F-FAFF-43C3-8893-5DC83A89BC7E}.Release|x64.ActiveCfg = Release|Any CPU
		{15480E2F-FAFF-43C3-8893-5DC83A89BC7E}.Release|x64.Build.0 = Release|Any CPU
		{15480E2F-FAFF-43C3-8893-5DC83A89BC7E}.Release|x86.ActiveCfg = Release|Any CPU
		{15480E2F-FAFF-43C3-8893-5DC83A89BC7E}.Release|x86.Build.0 = Release|Any CPU
		{E8937825-418A-4C4C-AE94-336212A15564}.Debug|Any CPU.ActiveCfg = Debug|Any CPU
		{E8937825-418A-4C4C-AE94-336212A15564}.Debug|Any CPU.Build.0 = Debug|Any CPU
		{E8937825-418A-4C4C-AE94-336212A15564}.Debug|x64.ActiveCfg = Debug|Any CPU
		{E8937825-418A-4C4C-AE94-336212A15564}.Debug|x64.Build.0 = Debug|Any CPU
		{E8937825-418A-4C4C-AE94-336212A15564}.Debug|x86.ActiveCfg = Debug|Any CPU
		{E8937825-418A-4C4C-AE94-336212A15564}.Debug|x86.Build.0 = Debug|Any CPU
		{E8937825-418A-4C4C-AE94-336212A15564}.Release|Any CPU.ActiveCfg = Release|Any CPU
		{E8937825-418A-4C4C-AE94-336212A15564}.Release|Any CPU.Build.0 = Release|Any CPU
		{E8937825-418A-4C4C-AE94-336212A15564}.Release|x64.ActiveCfg = Release|Any CPU
		{E8937825-418A-4C4C-AE94-336212A15564}.Release|x64.Build.0 = Release|Any CPU
		{E8937825-418A-4C4C-AE94-336212A15564}.Release|x86.ActiveCfg = Release|Any CPU
		{E8937825-418A-4C4C-AE94-336212A15564}.Release|x86.Build.0 = Release|Any CPU
		{CBFF6883-EB6A-436F-8B17-596217E9C4DC}.Debug|Any CPU.ActiveCfg = Debug|Any CPU
		{CBFF6883-EB6A-436F-8B17-596217E9C4DC}.Debug|Any CPU.Build.0 = Debug|Any CPU
		{CBFF6883-EB6A-436F-8B17-596217E9C4DC}.Debug|x64.ActiveCfg = Debug|Any CPU
		{CBFF6883-EB6A-436F-8B17-596217E9C4DC}.Debug|x64.Build.0 = Debug|Any CPU
		{CBFF6883-EB6A-436F-8B17-596217E9C4DC}.Debug|x86.ActiveCfg = Debug|Any CPU
		{CBFF6883-EB6A-436F-8B17-596217E9C4DC}.Debug|x86.Build.0 = Debug|Any CPU
		{CBFF6883-EB6A-436F-8B17-596217E9C4DC}.Release|Any CPU.ActiveCfg = Release|Any CPU
		{CBFF6883-EB6A-436F-8B17-596217E9C4DC}.Release|Any CPU.Build.0 = Release|Any CPU
		{CBFF6883-EB6A-436F-8B17-596217E9C4DC}.Release|x64.ActiveCfg = Release|Any CPU
		{CBFF6883-EB6A-436F-8B17-596217E9C4DC}.Release|x64.Build.0 = Release|Any CPU
		{CBFF6883-EB6A-436F-8B17-596217E9C4DC}.Release|x86.ActiveCfg = Release|Any CPU
		{CBFF6883-EB6A-436F-8B17-596217E9C4DC}.Release|x86.Build.0 = Release|Any CPU
		{E75FD630-C986-4A4B-9360-12E4C5D087F8}.Debug|Any CPU.ActiveCfg = Debug|Any CPU
		{E75FD630-C986-4A4B-9360-12E4C5D087F8}.Debug|Any CPU.Build.0 = Debug|Any CPU
		{E75FD630-C986-4A4B-9360-12E4C5D087F8}.Debug|x64.ActiveCfg = Debug|Any CPU
		{E75FD630-C986-4A4B-9360-12E4C5D087F8}.Debug|x64.Build.0 = Debug|Any CPU
		{E75FD630-C986-4A4B-9360-12E4C5D087F8}.Debug|x86.ActiveCfg = Debug|Any CPU
		{E75FD630-C986-4A4B-9360-12E4C5D087F8}.Debug|x86.Build.0 = Debug|Any CPU
		{E75FD630-C986-4A4B-9360-12E4C5D087F8}.Release|Any CPU.ActiveCfg = Release|Any CPU
		{E75FD630-C986-4A4B-9360-12E4C5D087F8}.Release|Any CPU.Build.0 = Release|Any CPU
		{E75FD630-C986-4A4B-9360-12E4C5D087F8}.Release|x64.ActiveCfg = Release|Any CPU
		{E75FD630-C986-4A4B-9360-12E4C5D087F8}.Release|x64.Build.0 = Release|Any CPU
		{E75FD630-C986-4A4B-9360-12E4C5D087F8}.Release|x86.ActiveCfg = Release|Any CPU
		{E75FD630-C986-4A4B-9360-12E4C5D087F8}.Release|x86.Build.0 = Release|Any CPU
		{0CC1BC36-5748-4690-A474-D983343B9104}.Debug|Any CPU.ActiveCfg = Debug|Any CPU
		{0CC1BC36-5748-4690-A474-D983343B9104}.Debug|Any CPU.Build.0 = Debug|Any CPU
		{0CC1BC36-5748-4690-A474-D983343B9104}.Debug|x64.ActiveCfg = Debug|Any CPU
		{0CC1BC36-5748-4690-A474-D983343B9104}.Debug|x64.Build.0 = Debug|Any CPU
		{0CC1BC36-5748-4690-A474-D983343B9104}.Debug|x86.ActiveCfg = Debug|Any CPU
		{0CC1BC36-5748-4690-A474-D983343B9104}.Debug|x86.Build.0 = Debug|Any CPU
		{0CC1BC36-5748-4690-A474-D983343B9104}.Release|Any CPU.ActiveCfg = Release|Any CPU
		{0CC1BC36-5748-4690-A474-D983343B9104}.Release|Any CPU.Build.0 = Release|Any CPU
		{0CC1BC36-5748-4690-A474-D983343B9104}.Release|x64.ActiveCfg = Release|Any CPU
		{0CC1BC36-5748-4690-A474-D983343B9104}.Release|x64.Build.0 = Release|Any CPU
		{0CC1BC36-5748-4690-A474-D983343B9104}.Release|x86.ActiveCfg = Release|Any CPU
		{0CC1BC36-5748-4690-A474-D983343B9104}.Release|x86.Build.0 = Release|Any CPU
		{4E760515-CA7D-4DFD-A206-322CCA4F55CB}.Debug|Any CPU.ActiveCfg = Debug|Any CPU
		{4E760515-CA7D-4DFD-A206-322CCA4F55CB}.Debug|Any CPU.Build.0 = Debug|Any CPU
		{4E760515-CA7D-4DFD-A206-322CCA4F55CB}.Debug|x64.ActiveCfg = Debug|Any CPU
		{4E760515-CA7D-4DFD-A206-322CCA4F55CB}.Debug|x64.Build.0 = Debug|Any CPU
		{4E760515-CA7D-4DFD-A206-322CCA4F55CB}.Debug|x86.ActiveCfg = Debug|Any CPU
		{4E760515-CA7D-4DFD-A206-322CCA4F55CB}.Debug|x86.Build.0 = Debug|Any CPU
		{4E760515-CA7D-4DFD-A206-322CCA4F55CB}.Release|Any CPU.ActiveCfg = Release|Any CPU
		{4E760515-CA7D-4DFD-A206-322CCA4F55CB}.Release|Any CPU.Build.0 = Release|Any CPU
		{4E760515-CA7D-4DFD-A206-322CCA4F55CB}.Release|x64.ActiveCfg = Release|Any CPU
		{4E760515-CA7D-4DFD-A206-322CCA4F55CB}.Release|x64.Build.0 = Release|Any CPU
		{4E760515-CA7D-4DFD-A206-322CCA4F55CB}.Release|x86.ActiveCfg = Release|Any CPU
		{4E760515-CA7D-4DFD-A206-322CCA4F55CB}.Release|x86.Build.0 = Release|Any CPU
		{3699D0A2-8ABB-4CBC-A76F-4EF414B2FD41}.Debug|Any CPU.ActiveCfg = Debug|Any CPU
		{3699D0A2-8ABB-4CBC-A76F-4EF414B2FD41}.Debug|Any CPU.Build.0 = Debug|Any CPU
		{3699D0A2-8ABB-4CBC-A76F-4EF414B2FD41}.Debug|x64.ActiveCfg = Debug|Any CPU
		{3699D0A2-8ABB-4CBC-A76F-4EF414B2FD41}.Debug|x64.Build.0 = Debug|Any CPU
		{3699D0A2-8ABB-4CBC-A76F-4EF414B2FD41}.Debug|x86.ActiveCfg = Debug|Any CPU
		{3699D0A2-8ABB-4CBC-A76F-4EF414B2FD41}.Debug|x86.Build.0 = Debug|Any CPU
		{3699D0A2-8ABB-4CBC-A76F-4EF414B2FD41}.Release|Any CPU.ActiveCfg = Release|Any CPU
		{3699D0A2-8ABB-4CBC-A76F-4EF414B2FD41}.Release|Any CPU.Build.0 = Release|Any CPU
		{3699D0A2-8ABB-4CBC-A76F-4EF414B2FD41}.Release|x64.ActiveCfg = Release|Any CPU
		{3699D0A2-8ABB-4CBC-A76F-4EF414B2FD41}.Release|x64.Build.0 = Release|Any CPU
		{3699D0A2-8ABB-4CBC-A76F-4EF414B2FD41}.Release|x86.ActiveCfg = Release|Any CPU
		{3699D0A2-8ABB-4CBC-A76F-4EF414B2FD41}.Release|x86.Build.0 = Release|Any CPU
		{36900540-27E0-4462-9B14-7135EFE7FC15}.Debug|Any CPU.ActiveCfg = Debug|Any CPU
		{36900540-27E0-4462-9B14-7135EFE7FC15}.Debug|Any CPU.Build.0 = Debug|Any CPU
		{36900540-27E0-4462-9B14-7135EFE7FC15}.Debug|x64.ActiveCfg = Debug|Any CPU
		{36900540-27E0-4462-9B14-7135EFE7FC15}.Debug|x64.Build.0 = Debug|Any CPU
		{36900540-27E0-4462-9B14-7135EFE7FC15}.Debug|x86.ActiveCfg = Debug|Any CPU
		{36900540-27E0-4462-9B14-7135EFE7FC15}.Debug|x86.Build.0 = Debug|Any CPU
		{36900540-27E0-4462-9B14-7135EFE7FC15}.Release|Any CPU.ActiveCfg = Release|Any CPU
		{36900540-27E0-4462-9B14-7135EFE7FC15}.Release|Any CPU.Build.0 = Release|Any CPU
		{36900540-27E0-4462-9B14-7135EFE7FC15}.Release|x64.ActiveCfg = Release|Any CPU
		{36900540-27E0-4462-9B14-7135EFE7FC15}.Release|x64.Build.0 = Release|Any CPU
		{36900540-27E0-4462-9B14-7135EFE7FC15}.Release|x86.ActiveCfg = Release|Any CPU
		{36900540-27E0-4462-9B14-7135EFE7FC15}.Release|x86.Build.0 = Release|Any CPU
		{C2F0AA41-DAE2-4A70-9A10-DECCF4E81EB1}.Debug|Any CPU.ActiveCfg = Debug|Any CPU
		{C2F0AA41-DAE2-4A70-9A10-DECCF4E81EB1}.Debug|Any CPU.Build.0 = Debug|Any CPU
		{C2F0AA41-DAE2-4A70-9A10-DECCF4E81EB1}.Debug|x64.ActiveCfg = Debug|Any CPU
		{C2F0AA41-DAE2-4A70-9A10-DECCF4E81EB1}.Debug|x64.Build.0 = Debug|Any CPU
		{C2F0AA41-DAE2-4A70-9A10-DECCF4E81EB1}.Debug|x86.ActiveCfg = Debug|Any CPU
		{C2F0AA41-DAE2-4A70-9A10-DECCF4E81EB1}.Debug|x86.Build.0 = Debug|Any CPU
		{C2F0AA41-DAE2-4A70-9A10-DECCF4E81EB1}.Release|Any CPU.ActiveCfg = Release|Any CPU
		{C2F0AA41-DAE2-4A70-9A10-DECCF4E81EB1}.Release|Any CPU.Build.0 = Release|Any CPU
		{C2F0AA41-DAE2-4A70-9A10-DECCF4E81EB1}.Release|x64.ActiveCfg = Release|Any CPU
		{C2F0AA41-DAE2-4A70-9A10-DECCF4E81EB1}.Release|x64.Build.0 = Release|Any CPU
		{C2F0AA41-DAE2-4A70-9A10-DECCF4E81EB1}.Release|x86.ActiveCfg = Release|Any CPU
		{C2F0AA41-DAE2-4A70-9A10-DECCF4E81EB1}.Release|x86.Build.0 = Release|Any CPU
		{4B0090C8-18DB-4396-A79B-BBFD5017BBCE}.Debug|Any CPU.ActiveCfg = Debug|Any CPU
		{4B0090C8-18DB-4396-A79B-BBFD5017BBCE}.Debug|Any CPU.Build.0 = Debug|Any CPU
		{4B0090C8-18DB-4396-A79B-BBFD5017BBCE}.Debug|x64.ActiveCfg = Debug|Any CPU
		{4B0090C8-18DB-4396-A79B-BBFD5017BBCE}.Debug|x64.Build.0 = Debug|Any CPU
		{4B0090C8-18DB-4396-A79B-BBFD5017BBCE}.Debug|x86.ActiveCfg = Debug|Any CPU
		{4B0090C8-18DB-4396-A79B-BBFD5017BBCE}.Debug|x86.Build.0 = Debug|Any CPU
		{4B0090C8-18DB-4396-A79B-BBFD5017BBCE}.Release|Any CPU.ActiveCfg = Release|Any CPU
		{4B0090C8-18DB-4396-A79B-BBFD5017BBCE}.Release|Any CPU.Build.0 = Release|Any CPU
		{4B0090C8-18DB-4396-A79B-BBFD5017BBCE}.Release|x64.ActiveCfg = Release|Any CPU
		{4B0090C8-18DB-4396-A79B-BBFD5017BBCE}.Release|x64.Build.0 = Release|Any CPU
		{4B0090C8-18DB-4396-A79B-BBFD5017BBCE}.Release|x86.ActiveCfg = Release|Any CPU
		{4B0090C8-18DB-4396-A79B-BBFD5017BBCE}.Release|x86.Build.0 = Release|Any CPU
		{9597A7AC-F09C-447E-BF62-D1D7467B0BAC}.Debug|Any CPU.ActiveCfg = Debug|Any CPU
		{9597A7AC-F09C-447E-BF62-D1D7467B0BAC}.Debug|Any CPU.Build.0 = Debug|Any CPU
		{9597A7AC-F09C-447E-BF62-D1D7467B0BAC}.Debug|x64.ActiveCfg = Debug|Any CPU
		{9597A7AC-F09C-447E-BF62-D1D7467B0BAC}.Debug|x64.Build.0 = Debug|Any CPU
		{9597A7AC-F09C-447E-BF62-D1D7467B0BAC}.Debug|x86.ActiveCfg = Debug|Any CPU
		{9597A7AC-F09C-447E-BF62-D1D7467B0BAC}.Debug|x86.Build.0 = Debug|Any CPU
		{9597A7AC-F09C-447E-BF62-D1D7467B0BAC}.Release|Any CPU.ActiveCfg = Release|Any CPU
		{9597A7AC-F09C-447E-BF62-D1D7467B0BAC}.Release|Any CPU.Build.0 = Release|Any CPU
		{9597A7AC-F09C-447E-BF62-D1D7467B0BAC}.Release|x64.ActiveCfg = Release|Any CPU
		{9597A7AC-F09C-447E-BF62-D1D7467B0BAC}.Release|x64.Build.0 = Release|Any CPU
		{9597A7AC-F09C-447E-BF62-D1D7467B0BAC}.Release|x86.ActiveCfg = Release|Any CPU
		{9597A7AC-F09C-447E-BF62-D1D7467B0BAC}.Release|x86.Build.0 = Release|Any CPU
		{D5BC3591-76DE-40AC-9BD4-81458A5B77B4}.Debug|Any CPU.ActiveCfg = Debug|Any CPU
		{D5BC3591-76DE-40AC-9BD4-81458A5B77B4}.Debug|Any CPU.Build.0 = Debug|Any CPU
		{D5BC3591-76DE-40AC-9BD4-81458A5B77B4}.Debug|x64.ActiveCfg = Debug|Any CPU
		{D5BC3591-76DE-40AC-9BD4-81458A5B77B4}.Debug|x64.Build.0 = Debug|Any CPU
		{D5BC3591-76DE-40AC-9BD4-81458A5B77B4}.Debug|x86.ActiveCfg = Debug|Any CPU
		{D5BC3591-76DE-40AC-9BD4-81458A5B77B4}.Debug|x86.Build.0 = Debug|Any CPU
		{D5BC3591-76DE-40AC-9BD4-81458A5B77B4}.Release|Any CPU.ActiveCfg = Release|Any CPU
		{D5BC3591-76DE-40AC-9BD4-81458A5B77B4}.Release|Any CPU.Build.0 = Release|Any CPU
		{D5BC3591-76DE-40AC-9BD4-81458A5B77B4}.Release|x64.ActiveCfg = Release|Any CPU
		{D5BC3591-76DE-40AC-9BD4-81458A5B77B4}.Release|x64.Build.0 = Release|Any CPU
		{D5BC3591-76DE-40AC-9BD4-81458A5B77B4}.Release|x86.ActiveCfg = Release|Any CPU
		{D5BC3591-76DE-40AC-9BD4-81458A5B77B4}.Release|x86.Build.0 = Release|Any CPU
		{357B6C40-F3AD-4289-BC54-73208EB62D39}.Debug|Any CPU.ActiveCfg = Debug|Any CPU
		{357B6C40-F3AD-4289-BC54-73208EB62D39}.Debug|Any CPU.Build.0 = Debug|Any CPU
		{357B6C40-F3AD-4289-BC54-73208EB62D39}.Debug|x64.ActiveCfg = Debug|Any CPU
		{357B6C40-F3AD-4289-BC54-73208EB62D39}.Debug|x64.Build.0 = Debug|Any CPU
		{357B6C40-F3AD-4289-BC54-73208EB62D39}.Debug|x86.ActiveCfg = Debug|Any CPU
		{357B6C40-F3AD-4289-BC54-73208EB62D39}.Debug|x86.Build.0 = Debug|Any CPU
		{357B6C40-F3AD-4289-BC54-73208EB62D39}.Release|Any CPU.ActiveCfg = Release|Any CPU
		{357B6C40-F3AD-4289-BC54-73208EB62D39}.Release|Any CPU.Build.0 = Release|Any CPU
		{357B6C40-F3AD-4289-BC54-73208EB62D39}.Release|x64.ActiveCfg = Release|Any CPU
		{357B6C40-F3AD-4289-BC54-73208EB62D39}.Release|x64.Build.0 = Release|Any CPU
		{357B6C40-F3AD-4289-BC54-73208EB62D39}.Release|x86.ActiveCfg = Release|Any CPU
		{357B6C40-F3AD-4289-BC54-73208EB62D39}.Release|x86.Build.0 = Release|Any CPU
		{47EBB73B-747C-4697-A690-87244DEFC992}.Debug|Any CPU.ActiveCfg = Debug|Any CPU
		{47EBB73B-747C-4697-A690-87244DEFC992}.Debug|Any CPU.Build.0 = Debug|Any CPU
		{47EBB73B-747C-4697-A690-87244DEFC992}.Debug|x64.ActiveCfg = Debug|Any CPU
		{47EBB73B-747C-4697-A690-87244DEFC992}.Debug|x64.Build.0 = Debug|Any CPU
		{47EBB73B-747C-4697-A690-87244DEFC992}.Debug|x86.ActiveCfg = Debug|Any CPU
		{47EBB73B-747C-4697-A690-87244DEFC992}.Debug|x86.Build.0 = Debug|Any CPU
		{47EBB73B-747C-4697-A690-87244DEFC992}.Release|Any CPU.ActiveCfg = Release|Any CPU
		{47EBB73B-747C-4697-A690-87244DEFC992}.Release|Any CPU.Build.0 = Release|Any CPU
		{47EBB73B-747C-4697-A690-87244DEFC992}.Release|x64.ActiveCfg = Release|Any CPU
		{47EBB73B-747C-4697-A690-87244DEFC992}.Release|x64.Build.0 = Release|Any CPU
		{47EBB73B-747C-4697-A690-87244DEFC992}.Release|x86.ActiveCfg = Release|Any CPU
		{47EBB73B-747C-4697-A690-87244DEFC992}.Release|x86.Build.0 = Release|Any CPU
		{35E95BA7-AB86-412F-B73F-126C97A743C1}.Debug|Any CPU.ActiveCfg = Debug|Any CPU
		{35E95BA7-AB86-412F-B73F-126C97A743C1}.Debug|Any CPU.Build.0 = Debug|Any CPU
		{35E95BA7-AB86-412F-B73F-126C97A743C1}.Debug|x64.ActiveCfg = Debug|Any CPU
		{35E95BA7-AB86-412F-B73F-126C97A743C1}.Debug|x64.Build.0 = Debug|Any CPU
		{35E95BA7-AB86-412F-B73F-126C97A743C1}.Debug|x86.ActiveCfg = Debug|Any CPU
		{35E95BA7-AB86-412F-B73F-126C97A743C1}.Debug|x86.Build.0 = Debug|Any CPU
		{35E95BA7-AB86-412F-B73F-126C97A743C1}.Release|Any CPU.ActiveCfg = Release|Any CPU
		{35E95BA7-AB86-412F-B73F-126C97A743C1}.Release|Any CPU.Build.0 = Release|Any CPU
		{35E95BA7-AB86-412F-B73F-126C97A743C1}.Release|x64.ActiveCfg = Release|Any CPU
		{35E95BA7-AB86-412F-B73F-126C97A743C1}.Release|x64.Build.0 = Release|Any CPU
		{35E95BA7-AB86-412F-B73F-126C97A743C1}.Release|x86.ActiveCfg = Release|Any CPU
		{35E95BA7-AB86-412F-B73F-126C97A743C1}.Release|x86.Build.0 = Release|Any CPU
		{D69A1DF2-1D71-4F25-8F1D-A601BA7AF4A9}.Debug|Any CPU.ActiveCfg = Debug|Any CPU
		{D69A1DF2-1D71-4F25-8F1D-A601BA7AF4A9}.Debug|Any CPU.Build.0 = Debug|Any CPU
		{D69A1DF2-1D71-4F25-8F1D-A601BA7AF4A9}.Debug|x64.ActiveCfg = Debug|Any CPU
		{D69A1DF2-1D71-4F25-8F1D-A601BA7AF4A9}.Debug|x64.Build.0 = Debug|Any CPU
		{D69A1DF2-1D71-4F25-8F1D-A601BA7AF4A9}.Debug|x86.ActiveCfg = Debug|Any CPU
		{D69A1DF2-1D71-4F25-8F1D-A601BA7AF4A9}.Debug|x86.Build.0 = Debug|Any CPU
		{D69A1DF2-1D71-4F25-8F1D-A601BA7AF4A9}.Release|Any CPU.ActiveCfg = Release|Any CPU
		{D69A1DF2-1D71-4F25-8F1D-A601BA7AF4A9}.Release|Any CPU.Build.0 = Release|Any CPU
		{D69A1DF2-1D71-4F25-8F1D-A601BA7AF4A9}.Release|x64.ActiveCfg = Release|Any CPU
		{D69A1DF2-1D71-4F25-8F1D-A601BA7AF4A9}.Release|x64.Build.0 = Release|Any CPU
		{D69A1DF2-1D71-4F25-8F1D-A601BA7AF4A9}.Release|x86.ActiveCfg = Release|Any CPU
		{D69A1DF2-1D71-4F25-8F1D-A601BA7AF4A9}.Release|x86.Build.0 = Release|Any CPU
		{57B939ED-5046-491D-9FB8-C3AA897D1E38}.Debug|Any CPU.ActiveCfg = Debug|Any CPU
		{57B939ED-5046-491D-9FB8-C3AA897D1E38}.Debug|Any CPU.Build.0 = Debug|Any CPU
		{57B939ED-5046-491D-9FB8-C3AA897D1E38}.Debug|x64.ActiveCfg = Debug|Any CPU
		{57B939ED-5046-491D-9FB8-C3AA897D1E38}.Debug|x64.Build.0 = Debug|Any CPU
		{57B939ED-5046-491D-9FB8-C3AA897D1E38}.Debug|x86.ActiveCfg = Debug|Any CPU
		{57B939ED-5046-491D-9FB8-C3AA897D1E38}.Debug|x86.Build.0 = Debug|Any CPU
		{57B939ED-5046-491D-9FB8-C3AA897D1E38}.Release|Any CPU.ActiveCfg = Release|Any CPU
		{57B939ED-5046-491D-9FB8-C3AA897D1E38}.Release|Any CPU.Build.0 = Release|Any CPU
		{57B939ED-5046-491D-9FB8-C3AA897D1E38}.Release|x64.ActiveCfg = Release|Any CPU
		{57B939ED-5046-491D-9FB8-C3AA897D1E38}.Release|x64.Build.0 = Release|Any CPU
		{57B939ED-5046-491D-9FB8-C3AA897D1E38}.Release|x86.ActiveCfg = Release|Any CPU
		{57B939ED-5046-491D-9FB8-C3AA897D1E38}.Release|x86.Build.0 = Release|Any CPU
		{4BA3CC32-49DE-4F1E-A00E-EE97DF14CE41}.Debug|Any CPU.ActiveCfg = Debug|Any CPU
		{4BA3CC32-49DE-4F1E-A00E-EE97DF14CE41}.Debug|Any CPU.Build.0 = Debug|Any CPU
		{4BA3CC32-49DE-4F1E-A00E-EE97DF14CE41}.Debug|x64.ActiveCfg = Debug|Any CPU
		{4BA3CC32-49DE-4F1E-A00E-EE97DF14CE41}.Debug|x64.Build.0 = Debug|Any CPU
		{4BA3CC32-49DE-4F1E-A00E-EE97DF14CE41}.Debug|x86.ActiveCfg = Debug|Any CPU
		{4BA3CC32-49DE-4F1E-A00E-EE97DF14CE41}.Debug|x86.Build.0 = Debug|Any CPU
		{4BA3CC32-49DE-4F1E-A00E-EE97DF14CE41}.Release|Any CPU.ActiveCfg = Release|Any CPU
		{4BA3CC32-49DE-4F1E-A00E-EE97DF14CE41}.Release|Any CPU.Build.0 = Release|Any CPU
		{4BA3CC32-49DE-4F1E-A00E-EE97DF14CE41}.Release|x64.ActiveCfg = Release|Any CPU
		{4BA3CC32-49DE-4F1E-A00E-EE97DF14CE41}.Release|x64.Build.0 = Release|Any CPU
		{4BA3CC32-49DE-4F1E-A00E-EE97DF14CE41}.Release|x86.ActiveCfg = Release|Any CPU
		{4BA3CC32-49DE-4F1E-A00E-EE97DF14CE41}.Release|x86.Build.0 = Release|Any CPU
		{740EA81E-085B-423E-9300-F176EB8D1E64}.Debug|Any CPU.ActiveCfg = Debug|Any CPU
		{740EA81E-085B-423E-9300-F176EB8D1E64}.Debug|Any CPU.Build.0 = Debug|Any CPU
		{740EA81E-085B-423E-9300-F176EB8D1E64}.Debug|x64.ActiveCfg = Debug|Any CPU
		{740EA81E-085B-423E-9300-F176EB8D1E64}.Debug|x64.Build.0 = Debug|Any CPU
		{740EA81E-085B-423E-9300-F176EB8D1E64}.Debug|x86.ActiveCfg = Debug|Any CPU
		{740EA81E-085B-423E-9300-F176EB8D1E64}.Debug|x86.Build.0 = Debug|Any CPU
		{740EA81E-085B-423E-9300-F176EB8D1E64}.Release|Any CPU.ActiveCfg = Release|Any CPU
		{740EA81E-085B-423E-9300-F176EB8D1E64}.Release|Any CPU.Build.0 = Release|Any CPU
		{740EA81E-085B-423E-9300-F176EB8D1E64}.Release|x64.ActiveCfg = Release|Any CPU
		{740EA81E-085B-423E-9300-F176EB8D1E64}.Release|x64.Build.0 = Release|Any CPU
		{740EA81E-085B-423E-9300-F176EB8D1E64}.Release|x86.ActiveCfg = Release|Any CPU
		{740EA81E-085B-423E-9300-F176EB8D1E64}.Release|x86.Build.0 = Release|Any CPU
		{B15B37BA-7304-4F92-8052-0D9AB3AD21A5}.Debug|Any CPU.ActiveCfg = Debug|Any CPU
		{B15B37BA-7304-4F92-8052-0D9AB3AD21A5}.Debug|Any CPU.Build.0 = Debug|Any CPU
		{B15B37BA-7304-4F92-8052-0D9AB3AD21A5}.Debug|x64.ActiveCfg = Debug|Any CPU
		{B15B37BA-7304-4F92-8052-0D9AB3AD21A5}.Debug|x64.Build.0 = Debug|Any CPU
		{B15B37BA-7304-4F92-8052-0D9AB3AD21A5}.Debug|x86.ActiveCfg = Debug|Any CPU
		{B15B37BA-7304-4F92-8052-0D9AB3AD21A5}.Debug|x86.Build.0 = Debug|Any CPU
		{B15B37BA-7304-4F92-8052-0D9AB3AD21A5}.Release|Any CPU.ActiveCfg = Release|Any CPU
		{B15B37BA-7304-4F92-8052-0D9AB3AD21A5}.Release|Any CPU.Build.0 = Release|Any CPU
		{B15B37BA-7304-4F92-8052-0D9AB3AD21A5}.Release|x64.ActiveCfg = Release|Any CPU
		{B15B37BA-7304-4F92-8052-0D9AB3AD21A5}.Release|x64.Build.0 = Release|Any CPU
		{B15B37BA-7304-4F92-8052-0D9AB3AD21A5}.Release|x86.ActiveCfg = Release|Any CPU
		{B15B37BA-7304-4F92-8052-0D9AB3AD21A5}.Release|x86.Build.0 = Release|Any CPU
		{461C6602-40A6-4E86-A5A7-115AA386C005}.Debug|Any CPU.ActiveCfg = Debug|Any CPU
		{461C6602-40A6-4E86-A5A7-115AA386C005}.Debug|Any CPU.Build.0 = Debug|Any CPU
		{461C6602-40A6-4E86-A5A7-115AA386C005}.Debug|x64.ActiveCfg = Debug|Any CPU
		{461C6602-40A6-4E86-A5A7-115AA386C005}.Debug|x64.Build.0 = Debug|Any CPU
		{461C6602-40A6-4E86-A5A7-115AA386C005}.Debug|x86.ActiveCfg = Debug|Any CPU
		{461C6602-40A6-4E86-A5A7-115AA386C005}.Debug|x86.Build.0 = Debug|Any CPU
		{461C6602-40A6-4E86-A5A7-115AA386C005}.Release|Any CPU.ActiveCfg = Release|Any CPU
		{461C6602-40A6-4E86-A5A7-115AA386C005}.Release|Any CPU.Build.0 = Release|Any CPU
		{461C6602-40A6-4E86-A5A7-115AA386C005}.Release|x64.ActiveCfg = Release|Any CPU
		{461C6602-40A6-4E86-A5A7-115AA386C005}.Release|x64.Build.0 = Release|Any CPU
		{461C6602-40A6-4E86-A5A7-115AA386C005}.Release|x86.ActiveCfg = Release|Any CPU
		{461C6602-40A6-4E86-A5A7-115AA386C005}.Release|x86.Build.0 = Release|Any CPU
		{C7F3C42D-2AB0-4A49-8350-A25B4CB80F1E}.Debug|Any CPU.ActiveCfg = Debug|Any CPU
		{C7F3C42D-2AB0-4A49-8350-A25B4CB80F1E}.Debug|Any CPU.Build.0 = Debug|Any CPU
		{C7F3C42D-2AB0-4A49-8350-A25B4CB80F1E}.Debug|x64.ActiveCfg = Debug|Any CPU
		{C7F3C42D-2AB0-4A49-8350-A25B4CB80F1E}.Debug|x64.Build.0 = Debug|Any CPU
		{C7F3C42D-2AB0-4A49-8350-A25B4CB80F1E}.Debug|x86.ActiveCfg = Debug|Any CPU
		{C7F3C42D-2AB0-4A49-8350-A25B4CB80F1E}.Debug|x86.Build.0 = Debug|Any CPU
		{C7F3C42D-2AB0-4A49-8350-A25B4CB80F1E}.Release|Any CPU.ActiveCfg = Release|Any CPU
		{C7F3C42D-2AB0-4A49-8350-A25B4CB80F1E}.Release|Any CPU.Build.0 = Release|Any CPU
		{C7F3C42D-2AB0-4A49-8350-A25B4CB80F1E}.Release|x64.ActiveCfg = Release|Any CPU
		{C7F3C42D-2AB0-4A49-8350-A25B4CB80F1E}.Release|x64.Build.0 = Release|Any CPU
		{C7F3C42D-2AB0-4A49-8350-A25B4CB80F1E}.Release|x86.ActiveCfg = Release|Any CPU
		{C7F3C42D-2AB0-4A49-8350-A25B4CB80F1E}.Release|x86.Build.0 = Release|Any CPU
		{C8E693EA-E010-4BC8-BEC8-A80317F924FC}.Debug|Any CPU.ActiveCfg = Debug|Any CPU
		{C8E693EA-E010-4BC8-BEC8-A80317F924FC}.Debug|Any CPU.Build.0 = Debug|Any CPU
		{C8E693EA-E010-4BC8-BEC8-A80317F924FC}.Debug|x64.ActiveCfg = Debug|Any CPU
		{C8E693EA-E010-4BC8-BEC8-A80317F924FC}.Debug|x64.Build.0 = Debug|Any CPU
		{C8E693EA-E010-4BC8-BEC8-A80317F924FC}.Debug|x86.ActiveCfg = Debug|Any CPU
		{C8E693EA-E010-4BC8-BEC8-A80317F924FC}.Debug|x86.Build.0 = Debug|Any CPU
		{C8E693EA-E010-4BC8-BEC8-A80317F924FC}.Release|Any CPU.ActiveCfg = Release|Any CPU
		{C8E693EA-E010-4BC8-BEC8-A80317F924FC}.Release|Any CPU.Build.0 = Release|Any CPU
		{C8E693EA-E010-4BC8-BEC8-A80317F924FC}.Release|x64.ActiveCfg = Release|Any CPU
		{C8E693EA-E010-4BC8-BEC8-A80317F924FC}.Release|x64.Build.0 = Release|Any CPU
		{C8E693EA-E010-4BC8-BEC8-A80317F924FC}.Release|x86.ActiveCfg = Release|Any CPU
		{C8E693EA-E010-4BC8-BEC8-A80317F924FC}.Release|x86.Build.0 = Release|Any CPU
		{B3D7A884-F8FF-4976-8918-05A4C7E77E6E}.Debug|Any CPU.ActiveCfg = Debug|Any CPU
		{B3D7A884-F8FF-4976-8918-05A4C7E77E6E}.Debug|Any CPU.Build.0 = Debug|Any CPU
		{B3D7A884-F8FF-4976-8918-05A4C7E77E6E}.Debug|x64.ActiveCfg = Debug|Any CPU
		{B3D7A884-F8FF-4976-8918-05A4C7E77E6E}.Debug|x64.Build.0 = Debug|Any CPU
		{B3D7A884-F8FF-4976-8918-05A4C7E77E6E}.Debug|x86.ActiveCfg = Debug|Any CPU
		{B3D7A884-F8FF-4976-8918-05A4C7E77E6E}.Debug|x86.Build.0 = Debug|Any CPU
		{B3D7A884-F8FF-4976-8918-05A4C7E77E6E}.Release|Any CPU.ActiveCfg = Release|Any CPU
		{B3D7A884-F8FF-4976-8918-05A4C7E77E6E}.Release|Any CPU.Build.0 = Release|Any CPU
		{B3D7A884-F8FF-4976-8918-05A4C7E77E6E}.Release|x64.ActiveCfg = Release|Any CPU
		{B3D7A884-F8FF-4976-8918-05A4C7E77E6E}.Release|x64.Build.0 = Release|Any CPU
		{B3D7A884-F8FF-4976-8918-05A4C7E77E6E}.Release|x86.ActiveCfg = Release|Any CPU
		{B3D7A884-F8FF-4976-8918-05A4C7E77E6E}.Release|x86.Build.0 = Release|Any CPU
		{61B76213-4FA5-48B1-A89B-AA9F83A0ED80}.Debug|Any CPU.ActiveCfg = Debug|Any CPU
		{61B76213-4FA5-48B1-A89B-AA9F83A0ED80}.Debug|Any CPU.Build.0 = Debug|Any CPU
		{61B76213-4FA5-48B1-A89B-AA9F83A0ED80}.Debug|x64.ActiveCfg = Debug|Any CPU
		{61B76213-4FA5-48B1-A89B-AA9F83A0ED80}.Debug|x64.Build.0 = Debug|Any CPU
		{61B76213-4FA5-48B1-A89B-AA9F83A0ED80}.Debug|x86.ActiveCfg = Debug|Any CPU
		{61B76213-4FA5-48B1-A89B-AA9F83A0ED80}.Debug|x86.Build.0 = Debug|Any CPU
		{61B76213-4FA5-48B1-A89B-AA9F83A0ED80}.Release|Any CPU.ActiveCfg = Release|Any CPU
		{61B76213-4FA5-48B1-A89B-AA9F83A0ED80}.Release|Any CPU.Build.0 = Release|Any CPU
		{61B76213-4FA5-48B1-A89B-AA9F83A0ED80}.Release|x64.ActiveCfg = Release|Any CPU
		{61B76213-4FA5-48B1-A89B-AA9F83A0ED80}.Release|x64.Build.0 = Release|Any CPU
		{61B76213-4FA5-48B1-A89B-AA9F83A0ED80}.Release|x86.ActiveCfg = Release|Any CPU
		{61B76213-4FA5-48B1-A89B-AA9F83A0ED80}.Release|x86.Build.0 = Release|Any CPU
		{E6E57F27-2360-46BD-88F8-804BCB99C2AF}.Debug|Any CPU.ActiveCfg = Debug|Any CPU
		{E6E57F27-2360-46BD-88F8-804BCB99C2AF}.Debug|Any CPU.Build.0 = Debug|Any CPU
		{E6E57F27-2360-46BD-88F8-804BCB99C2AF}.Debug|x64.ActiveCfg = Debug|Any CPU
		{E6E57F27-2360-46BD-88F8-804BCB99C2AF}.Debug|x64.Build.0 = Debug|Any CPU
		{E6E57F27-2360-46BD-88F8-804BCB99C2AF}.Debug|x86.ActiveCfg = Debug|Any CPU
		{E6E57F27-2360-46BD-88F8-804BCB99C2AF}.Debug|x86.Build.0 = Debug|Any CPU
		{E6E57F27-2360-46BD-88F8-804BCB99C2AF}.Release|Any CPU.ActiveCfg = Release|Any CPU
		{E6E57F27-2360-46BD-88F8-804BCB99C2AF}.Release|Any CPU.Build.0 = Release|Any CPU
		{E6E57F27-2360-46BD-88F8-804BCB99C2AF}.Release|x64.ActiveCfg = Release|Any CPU
		{E6E57F27-2360-46BD-88F8-804BCB99C2AF}.Release|x64.Build.0 = Release|Any CPU
		{E6E57F27-2360-46BD-88F8-804BCB99C2AF}.Release|x86.ActiveCfg = Release|Any CPU
		{E6E57F27-2360-46BD-88F8-804BCB99C2AF}.Release|x86.Build.0 = Release|Any CPU
	EndGlobalSection
	GlobalSection(SolutionProperties) = preSolution
		HideSolutionNode = FALSE
	EndGlobalSection
EndGlobal
