
Microsoft Visual Studio Solution File, Format Version 12.00
# Visual Studio Version 16
VisualStudioVersion = 16.6.30114.105
MinimumVisualStudioVersion = 10.0.40219.1
Project("{FAE04EC0-301F-11D3-BF4B-00C04F79EFBC}") = "R5T.D0109.A001", "R5T.D0109.A001\R5T.D0109.A001.csproj", "{353A7780-C8F7-4A7F-97FE-AE4AC7D706FF}"
EndProject
Project("{FAE04EC0-301F-11D3-BF4B-00C04F79EFBC}") = "R5T.D0109.I001", "R5T.D0109.I001\R5T.D0109.I001.csproj", "{72CE150E-9221-41C8-B01B-3BB778255B55}"
EndProject
Project("{FAE04EC0-301F-11D3-BF4B-00C04F79EFBC}") = "R5T.D0109.Base", "R5T.D0109.Base\R5T.D0109.Base.csproj", "{D91139D0-D529-425B-B9C1-33C685E2927A}"
EndProject
Project("{2150E333-8FDC-42A3-9474-1A3956D46DE8}") = "_Dependencies", "_Dependencies", "{6A2EC47C-51EB-4A63-A0F4-82D12EB1D075}"
EndProject
Project("{FAE04EC0-301F-11D3-BF4B-00C04F79EFBC}") = "R5T.Dacia.Extensions", "..\..\R5T.Dacia.Extensions\source\R5T.Dacia.Extensions\R5T.Dacia.Extensions.csproj", "{B53056A4-7BB9-4B10-BBD9-927CB65390AE}"
EndProject
Project("{FAE04EC0-301F-11D3-BF4B-00C04F79EFBC}") = "R5T.Dacia.T002", "..\..\R5T.Dacia\source\R5T.Dacia.T002\R5T.Dacia.T002.csproj", "{B6771C10-B500-45BE-947D-497658F06BC2}"
EndProject
Global
	GlobalSection(SolutionConfigurationPlatforms) = preSolution
		Debug|Any CPU = Debug|Any CPU
		Debug|x64 = Debug|x64
		Debug|x86 = Debug|x86
		Release|Any CPU = Release|Any CPU
		Release|x64 = Release|x64
		Release|x86 = Release|x86
	EndGlobalSection
	GlobalSection(SolutionProperties) = preSolution
		HideSolutionNode = FALSE
	EndGlobalSection
	GlobalSection(ProjectConfigurationPlatforms) = postSolution
		{353A7780-C8F7-4A7F-97FE-AE4AC7D706FF}.Debug|Any CPU.ActiveCfg = Debug|Any CPU
		{353A7780-C8F7-4A7F-97FE-AE4AC7D706FF}.Debug|Any CPU.Build.0 = Debug|Any CPU
		{353A7780-C8F7-4A7F-97FE-AE4AC7D706FF}.Debug|x64.ActiveCfg = Debug|Any CPU
		{353A7780-C8F7-4A7F-97FE-AE4AC7D706FF}.Debug|x64.Build.0 = Debug|Any CPU
		{353A7780-C8F7-4A7F-97FE-AE4AC7D706FF}.Debug|x86.ActiveCfg = Debug|Any CPU
		{353A7780-C8F7-4A7F-97FE-AE4AC7D706FF}.Debug|x86.Build.0 = Debug|Any CPU
		{353A7780-C8F7-4A7F-97FE-AE4AC7D706FF}.Release|Any CPU.ActiveCfg = Release|Any CPU
		{353A7780-C8F7-4A7F-97FE-AE4AC7D706FF}.Release|Any CPU.Build.0 = Release|Any CPU
		{353A7780-C8F7-4A7F-97FE-AE4AC7D706FF}.Release|x64.ActiveCfg = Release|Any CPU
		{353A7780-C8F7-4A7F-97FE-AE4AC7D706FF}.Release|x64.Build.0 = Release|Any CPU
		{353A7780-C8F7-4A7F-97FE-AE4AC7D706FF}.Release|x86.ActiveCfg = Release|Any CPU
		{353A7780-C8F7-4A7F-97FE-AE4AC7D706FF}.Release|x86.Build.0 = Release|Any CPU
		{72CE150E-9221-41C8-B01B-3BB778255B55}.Debug|Any CPU.ActiveCfg = Debug|Any CPU
		{72CE150E-9221-41C8-B01B-3BB778255B55}.Debug|Any CPU.Build.0 = Debug|Any CPU
		{72CE150E-9221-41C8-B01B-3BB778255B55}.Debug|x64.ActiveCfg = Debug|Any CPU
		{72CE150E-9221-41C8-B01B-3BB778255B55}.Debug|x64.Build.0 = Debug|Any CPU
		{72CE150E-9221-41C8-B01B-3BB778255B55}.Debug|x86.ActiveCfg = Debug|Any CPU
		{72CE150E-9221-41C8-B01B-3BB778255B55}.Debug|x86.Build.0 = Debug|Any CPU
		{72CE150E-9221-41C8-B01B-3BB778255B55}.Release|Any CPU.ActiveCfg = Release|Any CPU
		{72CE150E-9221-41C8-B01B-3BB778255B55}.Release|Any CPU.Build.0 = Release|Any CPU
		{72CE150E-9221-41C8-B01B-3BB778255B55}.Release|x64.ActiveCfg = Release|Any CPU
		{72CE150E-9221-41C8-B01B-3BB778255B55}.Release|x64.Build.0 = Release|Any CPU
		{72CE150E-9221-41C8-B01B-3BB778255B55}.Release|x86.ActiveCfg = Release|Any CPU
		{72CE150E-9221-41C8-B01B-3BB778255B55}.Release|x86.Build.0 = Release|Any CPU
		{D91139D0-D529-425B-B9C1-33C685E2927A}.Debug|Any CPU.ActiveCfg = Debug|Any CPU
		{D91139D0-D529-425B-B9C1-33C685E2927A}.Debug|Any CPU.Build.0 = Debug|Any CPU
		{D91139D0-D529-425B-B9C1-33C685E2927A}.Debug|x64.ActiveCfg = Debug|Any CPU
		{D91139D0-D529-425B-B9C1-33C685E2927A}.Debug|x64.Build.0 = Debug|Any CPU
		{D91139D0-D529-425B-B9C1-33C685E2927A}.Debug|x86.ActiveCfg = Debug|Any CPU
		{D91139D0-D529-425B-B9C1-33C685E2927A}.Debug|x86.Build.0 = Debug|Any CPU
		{D91139D0-D529-425B-B9C1-33C685E2927A}.Release|Any CPU.ActiveCfg = Release|Any CPU
		{D91139D0-D529-425B-B9C1-33C685E2927A}.Release|Any CPU.Build.0 = Release|Any CPU
		{D91139D0-D529-425B-B9C1-33C685E2927A}.Release|x64.ActiveCfg = Release|Any CPU
		{D91139D0-D529-425B-B9C1-33C685E2927A}.Release|x64.Build.0 = Release|Any CPU
		{D91139D0-D529-425B-B9C1-33C685E2927A}.Release|x86.ActiveCfg = Release|Any CPU
		{D91139D0-D529-425B-B9C1-33C685E2927A}.Release|x86.Build.0 = Release|Any CPU
		{B53056A4-7BB9-4B10-BBD9-927CB65390AE}.Debug|Any CPU.ActiveCfg = Debug|Any CPU
		{B53056A4-7BB9-4B10-BBD9-927CB65390AE}.Debug|Any CPU.Build.0 = Debug|Any CPU
		{B53056A4-7BB9-4B10-BBD9-927CB65390AE}.Debug|x64.ActiveCfg = Debug|Any CPU
		{B53056A4-7BB9-4B10-BBD9-927CB65390AE}.Debug|x64.Build.0 = Debug|Any CPU
		{B53056A4-7BB9-4B10-BBD9-927CB65390AE}.Debug|x86.ActiveCfg = Debug|Any CPU
		{B53056A4-7BB9-4B10-BBD9-927CB65390AE}.Debug|x86.Build.0 = Debug|Any CPU
		{B53056A4-7BB9-4B10-BBD9-927CB65390AE}.Release|Any CPU.ActiveCfg = Release|Any CPU
		{B53056A4-7BB9-4B10-BBD9-927CB65390AE}.Release|Any CPU.Build.0 = Release|Any CPU
		{B53056A4-7BB9-4B10-BBD9-927CB65390AE}.Release|x64.ActiveCfg = Release|Any CPU
		{B53056A4-7BB9-4B10-BBD9-927CB65390AE}.Release|x64.Build.0 = Release|Any CPU
		{B53056A4-7BB9-4B10-BBD9-927CB65390AE}.Release|x86.ActiveCfg = Release|Any CPU
		{B53056A4-7BB9-4B10-BBD9-927CB65390AE}.Release|x86.Build.0 = Release|Any CPU
		{B6771C10-B500-45BE-947D-497658F06BC2}.Debug|Any CPU.ActiveCfg = Debug|Any CPU
		{B6771C10-B500-45BE-947D-497658F06BC2}.Debug|Any CPU.Build.0 = Debug|Any CPU
		{B6771C10-B500-45BE-947D-497658F06BC2}.Debug|x64.ActiveCfg = Debug|Any CPU
		{B6771C10-B500-45BE-947D-497658F06BC2}.Debug|x64.Build.0 = Debug|Any CPU
		{B6771C10-B500-45BE-947D-497658F06BC2}.Debug|x86.ActiveCfg = Debug|Any CPU
		{B6771C10-B500-45BE-947D-497658F06BC2}.Debug|x86.Build.0 = Debug|Any CPU
		{B6771C10-B500-45BE-947D-497658F06BC2}.Release|Any CPU.ActiveCfg = Release|Any CPU
		{B6771C10-B500-45BE-947D-497658F06BC2}.Release|Any CPU.Build.0 = Release|Any CPU
		{B6771C10-B500-45BE-947D-497658F06BC2}.Release|x64.ActiveCfg = Release|Any CPU
		{B6771C10-B500-45BE-947D-497658F06BC2}.Release|x64.Build.0 = Release|Any CPU
		{B6771C10-B500-45BE-947D-497658F06BC2}.Release|x86.ActiveCfg = Release|Any CPU
		{B6771C10-B500-45BE-947D-497658F06BC2}.Release|x86.Build.0 = Release|Any CPU
	EndGlobalSection
	GlobalSection(NestedProjects) = preSolution
		{B53056A4-7BB9-4B10-BBD9-927CB65390AE} = {6A2EC47C-51EB-4A63-A0F4-82D12EB1D075}
		{B6771C10-B500-45BE-947D-497658F06BC2} = {6A2EC47C-51EB-4A63-A0F4-82D12EB1D075}
	EndGlobalSection
EndGlobal
