
Microsoft Visual Studio Solution File, Format Version 12.00
# Visual Studio Version 16
VisualStudioVersion = 16.6.30114.105
MinimumVisualStudioVersion = 10.0.40219.1
Project("{9A19103F-16F7-4668-BE54-9A1E7A4F7556}") = "R5T.D0109.Base", "R5T.D0109.Base\R5T.D0109.Base.csproj", "{E23313D9-55ED-45CC-AA89-C8BCF6927F7F}"
EndProject
Project("{2150E333-8FDC-42A3-9474-1A3956D46DE8}") = "_Dependencies", "_Dependencies", "{AB79DF47-429D-4895-9DCD-76899098F007}"
EndProject
Project("{9A19103F-16F7-4668-BE54-9A1E7A4F7556}") = "R5T.D0109.I001", "R5T.D0109.I001\R5T.D0109.I001.csproj", "{1E15B6EF-A71D-46CD-8152-7047919C9178}"
EndProject
Project("{9A19103F-16F7-4668-BE54-9A1E7A4F7556}") = "R5T.T0064", "..\..\R5T.T0064\source\R5T.T0064\R5T.T0064.csproj", "{7F628C3A-9A6B-4C0D-A4D7-E3A7E0503C5C}"
EndProject
Project("{9A19103F-16F7-4668-BE54-9A1E7A4F7556}") = "R5T.T0062.X001", "..\..\R5T.T0062\source\R5T.T0062.X001\R5T.T0062.X001.csproj", "{E814F8AD-5A45-4CFE-8789-2B7D35E0619A}"
EndProject
Project("{9A19103F-16F7-4668-BE54-9A1E7A4F7556}") = "R5T.T0102", "..\..\R5T.T0102\source\R5T.T0102\R5T.T0102.csproj", "{73F5C761-A377-470D-AD3F-066A08460BBD}"
EndProject
Project("{9A19103F-16F7-4668-BE54-9A1E7A4F7556}") = "R5T.T0092.X001", "..\..\R5T.T0092\source\R5T.T0092.X001\R5T.T0092.X001.csproj", "{427F470C-EDDA-48F7-AB29-E0B0B0096F37}"
EndProject
Project("{9A19103F-16F7-4668-BE54-9A1E7A4F7556}") = "R5T.T0055.X001", "..\..\R5T.T0055\source\R5T.T0055.X001\R5T.T0055.X001.csproj", "{900B27D5-27F5-427F-A419-1E37F0FF1815}"
EndProject
Project("{9A19103F-16F7-4668-BE54-9A1E7A4F7556}") = "R5T.T0055", "..\..\R5T.T0055\source\R5T.T0055\R5T.T0055.csproj", "{A0754A98-19F2-45BA-8CF8-542D0C0FE9B7}"
EndProject
Project("{9A19103F-16F7-4668-BE54-9A1E7A4F7556}") = "R5T.Magyar", "..\..\R5T.Magyar\source\R5T.Magyar\R5T.Magyar.csproj", "{B5CEDFBC-9231-40A3-B368-79FC0EF1EBCC}"
EndProject
Project("{9A19103F-16F7-4668-BE54-9A1E7A4F7556}") = "R5T.T0039.T002", "..\..\R5T.T0039\source\R5T.T0039.T002\R5T.T0039.T002.csproj", "{D7CA6B7D-0321-46D2-82D9-C1241011D3C3}"
EndProject
Project("{9A19103F-16F7-4668-BE54-9A1E7A4F7556}") = "R5T.T0060", "..\..\R5T.T0060\source\R5T.T0060\R5T.T0060.csproj", "{D15FC035-3AE6-40D2-A107-AC08F2D432BD}"
EndProject
Project("{9A19103F-16F7-4668-BE54-9A1E7A4F7556}") = "R5T.T0092", "..\..\R5T.T0092\source\R5T.T0092\R5T.T0092.csproj", "{630A5E08-B5AC-4D88-8DA3-515489A4FB4E}"
EndProject
Project("{9A19103F-16F7-4668-BE54-9A1E7A4F7556}") = "R5T.T0094", "..\..\R5T.T0094\source\R5T.T0094\R5T.T0094.csproj", "{7E27A030-1F19-4043-848C-C9E4FF1EA1BA}"
EndProject
Project("{9A19103F-16F7-4668-BE54-9A1E7A4F7556}") = "R5T.T0093", "..\..\R5T.T0093\source\R5T.T0093\R5T.T0093.csproj", "{D35CABBB-8E7C-4BF4-89A2-4F1C0671E780}"
EndProject
Project("{9A19103F-16F7-4668-BE54-9A1E7A4F7556}") = "R5T.T0101", "..\..\R5T.T0101\source\R5T.T0101\R5T.T0101.csproj", "{55891220-63F2-4DDD-AA31-7176552CDBE9}"
EndProject
Project("{9A19103F-16F7-4668-BE54-9A1E7A4F7556}") = "R5T.T0063", "..\..\R5T.T0063\source\R5T.T0063\R5T.T0063.csproj", "{A9039429-16DE-4646-B8F8-450AC3D67940}"
EndProject
Project("{9A19103F-16F7-4668-BE54-9A1E7A4F7556}") = "R5T.L0013", "..\..\R5T.L0013\source\R5T.L0013\R5T.L0013.csproj", "{0A3753C0-6946-456E-883E-3F265ACA5FB3}"
EndProject
Project("{9A19103F-16F7-4668-BE54-9A1E7A4F7556}") = "R5T.T0062", "..\..\R5T.T0062\source\R5T.T0062\R5T.T0062.csproj", "{04B7C662-AF73-4861-AB83-E9BD891C1892}"
EndProject
Project("{9A19103F-16F7-4668-BE54-9A1E7A4F7556}") = "R5T.T0044.X001", "..\..\R5T.T0044\source\R5T.T0044.X001\R5T.T0044.X001.csproj", "{C8164C01-1240-47A7-B8CA-1B704FB8DCB0}"
EndProject
Project("{9A19103F-16F7-4668-BE54-9A1E7A4F7556}") = "R5T.T0057.X002", "..\..\R5T.T0057\source\R5T.T0057.X002\R5T.T0057.X002.csproj", "{1CCBA9DD-A81D-4CCA-B091-FF5BE1804D01}"
EndProject
Project("{9A19103F-16F7-4668-BE54-9A1E7A4F7556}") = "R5T.L0019.X001", "..\..\R5T.L0019\source\R5T.L0019.X001\R5T.L0019.X001.csproj", "{17EF4AFE-9299-4673-B55D-0B830D6A0B24}"
EndProject
Project("{9A19103F-16F7-4668-BE54-9A1E7A4F7556}") = "R5T.L0019", "..\..\R5T.L0019\source\R5T.L0019\R5T.L0019.csproj", "{2CAD425D-73A9-4FE5-BAD3-87DF37570F21}"
EndProject
Project("{9A19103F-16F7-4668-BE54-9A1E7A4F7556}") = "R5T.T0044", "..\..\R5T.T0044\source\R5T.T0044\R5T.T0044.csproj", "{06DE3DD8-8AA2-4501-92AB-42BC907FA4BF}"
EndProject
Project("{9A19103F-16F7-4668-BE54-9A1E7A4F7556}") = "R5T.T0057", "..\..\R5T.T0057\source\R5T.T0057\R5T.T0057.csproj", "{96BFF793-8266-4939-B9AF-CE10317A5C3D}"
EndProject
Project("{9A19103F-16F7-4668-BE54-9A1E7A4F7556}") = "R5T.Magyar.X000", "..\..\R5T.Magyar\source\R5T.Magyar.X000\R5T.Magyar.X000.csproj", "{ADCBC5C8-7F15-4A7F-AF68-CF9EC8B4B88D}"
EndProject
Project("{9A19103F-16F7-4668-BE54-9A1E7A4F7556}") = "R5T.T0093.X001", "..\..\R5T.T0093\source\R5T.T0093.X001\R5T.T0093.X001.csproj", "{1AAE3E77-F20A-4190-ACE3-BE992451DC73}"
EndProject
Project("{9A19103F-16F7-4668-BE54-9A1E7A4F7556}") = "R5T.T0094.X001", "..\..\R5T.T0094\source\R5T.T0094.X001\R5T.T0094.X001.csproj", "{BAA89520-247E-4B86-8A34-D313FB4CEC96}"
EndProject
Project("{9A19103F-16F7-4668-BE54-9A1E7A4F7556}") = "R5T.T0101.X001", "..\..\R5T.T0101\source\R5T.T0101.X001\R5T.T0101.X001.csproj", "{384756B4-2E32-4470-ACCD-1CB563E8B9FC}"
EndProject
Project("{FAE04EC0-301F-11D3-BF4B-00C04F79EFBC}") = "R5T.D0109.X001", "R5T.D0109.X001\R5T.D0109.X001.csproj", "{877CC82A-EC01-4306-9BF4-8020585C3C07}"
EndProject
Global
	GlobalSection(SolutionConfigurationPlatforms) = preSolution
		Debug|Any CPU = Debug|Any CPU
		Debug|x64 = Debug|x64
		Debug|x86 = Debug|x86
		Release|Any CPU = Release|Any CPU
		Release|x64 = Release|x64
		Release|x86 = Release|x86
	EndGlobalSection
	GlobalSection(ProjectConfigurationPlatforms) = postSolution
		{E23313D9-55ED-45CC-AA89-C8BCF6927F7F}.Debug|Any CPU.ActiveCfg = Debug|Any CPU
		{E23313D9-55ED-45CC-AA89-C8BCF6927F7F}.Debug|Any CPU.Build.0 = Debug|Any CPU
		{E23313D9-55ED-45CC-AA89-C8BCF6927F7F}.Debug|x64.ActiveCfg = Debug|Any CPU
		{E23313D9-55ED-45CC-AA89-C8BCF6927F7F}.Debug|x64.Build.0 = Debug|Any CPU
		{E23313D9-55ED-45CC-AA89-C8BCF6927F7F}.Debug|x86.ActiveCfg = Debug|Any CPU
		{E23313D9-55ED-45CC-AA89-C8BCF6927F7F}.Debug|x86.Build.0 = Debug|Any CPU
		{E23313D9-55ED-45CC-AA89-C8BCF6927F7F}.Release|Any CPU.ActiveCfg = Release|Any CPU
		{E23313D9-55ED-45CC-AA89-C8BCF6927F7F}.Release|Any CPU.Build.0 = Release|Any CPU
		{E23313D9-55ED-45CC-AA89-C8BCF6927F7F}.Release|x64.ActiveCfg = Release|Any CPU
		{E23313D9-55ED-45CC-AA89-C8BCF6927F7F}.Release|x64.Build.0 = Release|Any CPU
		{E23313D9-55ED-45CC-AA89-C8BCF6927F7F}.Release|x86.ActiveCfg = Release|Any CPU
		{E23313D9-55ED-45CC-AA89-C8BCF6927F7F}.Release|x86.Build.0 = Release|Any CPU
		{1E15B6EF-A71D-46CD-8152-7047919C9178}.Debug|Any CPU.ActiveCfg = Debug|Any CPU
		{1E15B6EF-A71D-46CD-8152-7047919C9178}.Debug|Any CPU.Build.0 = Debug|Any CPU
		{1E15B6EF-A71D-46CD-8152-7047919C9178}.Debug|x64.ActiveCfg = Debug|Any CPU
		{1E15B6EF-A71D-46CD-8152-7047919C9178}.Debug|x64.Build.0 = Debug|Any CPU
		{1E15B6EF-A71D-46CD-8152-7047919C9178}.Debug|x86.ActiveCfg = Debug|Any CPU
		{1E15B6EF-A71D-46CD-8152-7047919C9178}.Debug|x86.Build.0 = Debug|Any CPU
		{1E15B6EF-A71D-46CD-8152-7047919C9178}.Release|Any CPU.ActiveCfg = Release|Any CPU
		{1E15B6EF-A71D-46CD-8152-7047919C9178}.Release|Any CPU.Build.0 = Release|Any CPU
		{1E15B6EF-A71D-46CD-8152-7047919C9178}.Release|x64.ActiveCfg = Release|Any CPU
		{1E15B6EF-A71D-46CD-8152-7047919C9178}.Release|x64.Build.0 = Release|Any CPU
		{1E15B6EF-A71D-46CD-8152-7047919C9178}.Release|x86.ActiveCfg = Release|Any CPU
		{1E15B6EF-A71D-46CD-8152-7047919C9178}.Release|x86.Build.0 = Release|Any CPU
		{7F628C3A-9A6B-4C0D-A4D7-E3A7E0503C5C}.Debug|Any CPU.ActiveCfg = Debug|Any CPU
		{7F628C3A-9A6B-4C0D-A4D7-E3A7E0503C5C}.Debug|Any CPU.Build.0 = Debug|Any CPU
		{7F628C3A-9A6B-4C0D-A4D7-E3A7E0503C5C}.Debug|x64.ActiveCfg = Debug|Any CPU
		{7F628C3A-9A6B-4C0D-A4D7-E3A7E0503C5C}.Debug|x64.Build.0 = Debug|Any CPU
		{7F628C3A-9A6B-4C0D-A4D7-E3A7E0503C5C}.Debug|x86.ActiveCfg = Debug|Any CPU
		{7F628C3A-9A6B-4C0D-A4D7-E3A7E0503C5C}.Debug|x86.Build.0 = Debug|Any CPU
		{7F628C3A-9A6B-4C0D-A4D7-E3A7E0503C5C}.Release|Any CPU.ActiveCfg = Release|Any CPU
		{7F628C3A-9A6B-4C0D-A4D7-E3A7E0503C5C}.Release|Any CPU.Build.0 = Release|Any CPU
		{7F628C3A-9A6B-4C0D-A4D7-E3A7E0503C5C}.Release|x64.ActiveCfg = Release|Any CPU
		{7F628C3A-9A6B-4C0D-A4D7-E3A7E0503C5C}.Release|x64.Build.0 = Release|Any CPU
		{7F628C3A-9A6B-4C0D-A4D7-E3A7E0503C5C}.Release|x86.ActiveCfg = Release|Any CPU
		{7F628C3A-9A6B-4C0D-A4D7-E3A7E0503C5C}.Release|x86.Build.0 = Release|Any CPU
		{E814F8AD-5A45-4CFE-8789-2B7D35E0619A}.Debug|Any CPU.ActiveCfg = Debug|Any CPU
		{E814F8AD-5A45-4CFE-8789-2B7D35E0619A}.Debug|Any CPU.Build.0 = Debug|Any CPU
		{E814F8AD-5A45-4CFE-8789-2B7D35E0619A}.Debug|x64.ActiveCfg = Debug|Any CPU
		{E814F8AD-5A45-4CFE-8789-2B7D35E0619A}.Debug|x64.Build.0 = Debug|Any CPU
		{E814F8AD-5A45-4CFE-8789-2B7D35E0619A}.Debug|x86.ActiveCfg = Debug|Any CPU
		{E814F8AD-5A45-4CFE-8789-2B7D35E0619A}.Debug|x86.Build.0 = Debug|Any CPU
		{E814F8AD-5A45-4CFE-8789-2B7D35E0619A}.Release|Any CPU.ActiveCfg = Release|Any CPU
		{E814F8AD-5A45-4CFE-8789-2B7D35E0619A}.Release|Any CPU.Build.0 = Release|Any CPU
		{E814F8AD-5A45-4CFE-8789-2B7D35E0619A}.Release|x64.ActiveCfg = Release|Any CPU
		{E814F8AD-5A45-4CFE-8789-2B7D35E0619A}.Release|x64.Build.0 = Release|Any CPU
		{E814F8AD-5A45-4CFE-8789-2B7D35E0619A}.Release|x86.ActiveCfg = Release|Any CPU
		{E814F8AD-5A45-4CFE-8789-2B7D35E0619A}.Release|x86.Build.0 = Release|Any CPU
		{73F5C761-A377-470D-AD3F-066A08460BBD}.Debug|Any CPU.ActiveCfg = Debug|Any CPU
		{73F5C761-A377-470D-AD3F-066A08460BBD}.Debug|Any CPU.Build.0 = Debug|Any CPU
		{73F5C761-A377-470D-AD3F-066A08460BBD}.Debug|x64.ActiveCfg = Debug|Any CPU
		{73F5C761-A377-470D-AD3F-066A08460BBD}.Debug|x64.Build.0 = Debug|Any CPU
		{73F5C761-A377-470D-AD3F-066A08460BBD}.Debug|x86.ActiveCfg = Debug|Any CPU
		{73F5C761-A377-470D-AD3F-066A08460BBD}.Debug|x86.Build.0 = Debug|Any CPU
		{73F5C761-A377-470D-AD3F-066A08460BBD}.Release|Any CPU.ActiveCfg = Release|Any CPU
		{73F5C761-A377-470D-AD3F-066A08460BBD}.Release|Any CPU.Build.0 = Release|Any CPU
		{73F5C761-A377-470D-AD3F-066A08460BBD}.Release|x64.ActiveCfg = Release|Any CPU
		{73F5C761-A377-470D-AD3F-066A08460BBD}.Release|x64.Build.0 = Release|Any CPU
		{73F5C761-A377-470D-AD3F-066A08460BBD}.Release|x86.ActiveCfg = Release|Any CPU
		{73F5C761-A377-470D-AD3F-066A08460BBD}.Release|x86.Build.0 = Release|Any CPU
		{427F470C-EDDA-48F7-AB29-E0B0B0096F37}.Debug|Any CPU.ActiveCfg = Debug|Any CPU
		{427F470C-EDDA-48F7-AB29-E0B0B0096F37}.Debug|Any CPU.Build.0 = Debug|Any CPU
		{427F470C-EDDA-48F7-AB29-E0B0B0096F37}.Debug|x64.ActiveCfg = Debug|Any CPU
		{427F470C-EDDA-48F7-AB29-E0B0B0096F37}.Debug|x64.Build.0 = Debug|Any CPU
		{427F470C-EDDA-48F7-AB29-E0B0B0096F37}.Debug|x86.ActiveCfg = Debug|Any CPU
		{427F470C-EDDA-48F7-AB29-E0B0B0096F37}.Debug|x86.Build.0 = Debug|Any CPU
		{427F470C-EDDA-48F7-AB29-E0B0B0096F37}.Release|Any CPU.ActiveCfg = Release|Any CPU
		{427F470C-EDDA-48F7-AB29-E0B0B0096F37}.Release|Any CPU.Build.0 = Release|Any CPU
		{427F470C-EDDA-48F7-AB29-E0B0B0096F37}.Release|x64.ActiveCfg = Release|Any CPU
		{427F470C-EDDA-48F7-AB29-E0B0B0096F37}.Release|x64.Build.0 = Release|Any CPU
		{427F470C-EDDA-48F7-AB29-E0B0B0096F37}.Release|x86.ActiveCfg = Release|Any CPU
		{427F470C-EDDA-48F7-AB29-E0B0B0096F37}.Release|x86.Build.0 = Release|Any CPU
		{900B27D5-27F5-427F-A419-1E37F0FF1815}.Debug|Any CPU.ActiveCfg = Debug|Any CPU
		{900B27D5-27F5-427F-A419-1E37F0FF1815}.Debug|Any CPU.Build.0 = Debug|Any CPU
		{900B27D5-27F5-427F-A419-1E37F0FF1815}.Debug|x64.ActiveCfg = Debug|Any CPU
		{900B27D5-27F5-427F-A419-1E37F0FF1815}.Debug|x64.Build.0 = Debug|Any CPU
		{900B27D5-27F5-427F-A419-1E37F0FF1815}.Debug|x86.ActiveCfg = Debug|Any CPU
		{900B27D5-27F5-427F-A419-1E37F0FF1815}.Debug|x86.Build.0 = Debug|Any CPU
		{900B27D5-27F5-427F-A419-1E37F0FF1815}.Release|Any CPU.ActiveCfg = Release|Any CPU
		{900B27D5-27F5-427F-A419-1E37F0FF1815}.Release|Any CPU.Build.0 = Release|Any CPU
		{900B27D5-27F5-427F-A419-1E37F0FF1815}.Release|x64.ActiveCfg = Release|Any CPU
		{900B27D5-27F5-427F-A419-1E37F0FF1815}.Release|x64.Build.0 = Release|Any CPU
		{900B27D5-27F5-427F-A419-1E37F0FF1815}.Release|x86.ActiveCfg = Release|Any CPU
		{900B27D5-27F5-427F-A419-1E37F0FF1815}.Release|x86.Build.0 = Release|Any CPU
		{A0754A98-19F2-45BA-8CF8-542D0C0FE9B7}.Debug|Any CPU.ActiveCfg = Debug|Any CPU
		{A0754A98-19F2-45BA-8CF8-542D0C0FE9B7}.Debug|Any CPU.Build.0 = Debug|Any CPU
		{A0754A98-19F2-45BA-8CF8-542D0C0FE9B7}.Debug|x64.ActiveCfg = Debug|Any CPU
		{A0754A98-19F2-45BA-8CF8-542D0C0FE9B7}.Debug|x64.Build.0 = Debug|Any CPU
		{A0754A98-19F2-45BA-8CF8-542D0C0FE9B7}.Debug|x86.ActiveCfg = Debug|Any CPU
		{A0754A98-19F2-45BA-8CF8-542D0C0FE9B7}.Debug|x86.Build.0 = Debug|Any CPU
		{A0754A98-19F2-45BA-8CF8-542D0C0FE9B7}.Release|Any CPU.ActiveCfg = Release|Any CPU
		{A0754A98-19F2-45BA-8CF8-542D0C0FE9B7}.Release|Any CPU.Build.0 = Release|Any CPU
		{A0754A98-19F2-45BA-8CF8-542D0C0FE9B7}.Release|x64.ActiveCfg = Release|Any CPU
		{A0754A98-19F2-45BA-8CF8-542D0C0FE9B7}.Release|x64.Build.0 = Release|Any CPU
		{A0754A98-19F2-45BA-8CF8-542D0C0FE9B7}.Release|x86.ActiveCfg = Release|Any CPU
		{A0754A98-19F2-45BA-8CF8-542D0C0FE9B7}.Release|x86.Build.0 = Release|Any CPU
		{B5CEDFBC-9231-40A3-B368-79FC0EF1EBCC}.Debug|Any CPU.ActiveCfg = Debug|Any CPU
		{B5CEDFBC-9231-40A3-B368-79FC0EF1EBCC}.Debug|Any CPU.Build.0 = Debug|Any CPU
		{B5CEDFBC-9231-40A3-B368-79FC0EF1EBCC}.Debug|x64.ActiveCfg = Debug|Any CPU
		{B5CEDFBC-9231-40A3-B368-79FC0EF1EBCC}.Debug|x64.Build.0 = Debug|Any CPU
		{B5CEDFBC-9231-40A3-B368-79FC0EF1EBCC}.Debug|x86.ActiveCfg = Debug|Any CPU
		{B5CEDFBC-9231-40A3-B368-79FC0EF1EBCC}.Debug|x86.Build.0 = Debug|Any CPU
		{B5CEDFBC-9231-40A3-B368-79FC0EF1EBCC}.Release|Any CPU.ActiveCfg = Release|Any CPU
		{B5CEDFBC-9231-40A3-B368-79FC0EF1EBCC}.Release|Any CPU.Build.0 = Release|Any CPU
		{B5CEDFBC-9231-40A3-B368-79FC0EF1EBCC}.Release|x64.ActiveCfg = Release|Any CPU
		{B5CEDFBC-9231-40A3-B368-79FC0EF1EBCC}.Release|x64.Build.0 = Release|Any CPU
		{B5CEDFBC-9231-40A3-B368-79FC0EF1EBCC}.Release|x86.ActiveCfg = Release|Any CPU
		{B5CEDFBC-9231-40A3-B368-79FC0EF1EBCC}.Release|x86.Build.0 = Release|Any CPU
		{D7CA6B7D-0321-46D2-82D9-C1241011D3C3}.Debug|Any CPU.ActiveCfg = Debug|Any CPU
		{D7CA6B7D-0321-46D2-82D9-C1241011D3C3}.Debug|Any CPU.Build.0 = Debug|Any CPU
		{D7CA6B7D-0321-46D2-82D9-C1241011D3C3}.Debug|x64.ActiveCfg = Debug|Any CPU
		{D7CA6B7D-0321-46D2-82D9-C1241011D3C3}.Debug|x64.Build.0 = Debug|Any CPU
		{D7CA6B7D-0321-46D2-82D9-C1241011D3C3}.Debug|x86.ActiveCfg = Debug|Any CPU
		{D7CA6B7D-0321-46D2-82D9-C1241011D3C3}.Debug|x86.Build.0 = Debug|Any CPU
		{D7CA6B7D-0321-46D2-82D9-C1241011D3C3}.Release|Any CPU.ActiveCfg = Release|Any CPU
		{D7CA6B7D-0321-46D2-82D9-C1241011D3C3}.Release|Any CPU.Build.0 = Release|Any CPU
		{D7CA6B7D-0321-46D2-82D9-C1241011D3C3}.Release|x64.ActiveCfg = Release|Any CPU
		{D7CA6B7D-0321-46D2-82D9-C1241011D3C3}.Release|x64.Build.0 = Release|Any CPU
		{D7CA6B7D-0321-46D2-82D9-C1241011D3C3}.Release|x86.ActiveCfg = Release|Any CPU
		{D7CA6B7D-0321-46D2-82D9-C1241011D3C3}.Release|x86.Build.0 = Release|Any CPU
		{D15FC035-3AE6-40D2-A107-AC08F2D432BD}.Debug|Any CPU.ActiveCfg = Debug|Any CPU
		{D15FC035-3AE6-40D2-A107-AC08F2D432BD}.Debug|Any CPU.Build.0 = Debug|Any CPU
		{D15FC035-3AE6-40D2-A107-AC08F2D432BD}.Debug|x64.ActiveCfg = Debug|Any CPU
		{D15FC035-3AE6-40D2-A107-AC08F2D432BD}.Debug|x64.Build.0 = Debug|Any CPU
		{D15FC035-3AE6-40D2-A107-AC08F2D432BD}.Debug|x86.ActiveCfg = Debug|Any CPU
		{D15FC035-3AE6-40D2-A107-AC08F2D432BD}.Debug|x86.Build.0 = Debug|Any CPU
		{D15FC035-3AE6-40D2-A107-AC08F2D432BD}.Release|Any CPU.ActiveCfg = Release|Any CPU
		{D15FC035-3AE6-40D2-A107-AC08F2D432BD}.Release|Any CPU.Build.0 = Release|Any CPU
		{D15FC035-3AE6-40D2-A107-AC08F2D432BD}.Release|x64.ActiveCfg = Release|Any CPU
		{D15FC035-3AE6-40D2-A107-AC08F2D432BD}.Release|x64.Build.0 = Release|Any CPU
		{D15FC035-3AE6-40D2-A107-AC08F2D432BD}.Release|x86.ActiveCfg = Release|Any CPU
		{D15FC035-3AE6-40D2-A107-AC08F2D432BD}.Release|x86.Build.0 = Release|Any CPU
		{630A5E08-B5AC-4D88-8DA3-515489A4FB4E}.Debug|Any CPU.ActiveCfg = Debug|Any CPU
		{630A5E08-B5AC-4D88-8DA3-515489A4FB4E}.Debug|Any CPU.Build.0 = Debug|Any CPU
		{630A5E08-B5AC-4D88-8DA3-515489A4FB4E}.Debug|x64.ActiveCfg = Debug|Any CPU
		{630A5E08-B5AC-4D88-8DA3-515489A4FB4E}.Debug|x64.Build.0 = Debug|Any CPU
		{630A5E08-B5AC-4D88-8DA3-515489A4FB4E}.Debug|x86.ActiveCfg = Debug|Any CPU
		{630A5E08-B5AC-4D88-8DA3-515489A4FB4E}.Debug|x86.Build.0 = Debug|Any CPU
		{630A5E08-B5AC-4D88-8DA3-515489A4FB4E}.Release|Any CPU.ActiveCfg = Release|Any CPU
		{630A5E08-B5AC-4D88-8DA3-515489A4FB4E}.Release|Any CPU.Build.0 = Release|Any CPU
		{630A5E08-B5AC-4D88-8DA3-515489A4FB4E}.Release|x64.ActiveCfg = Release|Any CPU
		{630A5E08-B5AC-4D88-8DA3-515489A4FB4E}.Release|x64.Build.0 = Release|Any CPU
		{630A5E08-B5AC-4D88-8DA3-515489A4FB4E}.Release|x86.ActiveCfg = Release|Any CPU
		{630A5E08-B5AC-4D88-8DA3-515489A4FB4E}.Release|x86.Build.0 = Release|Any CPU
		{7E27A030-1F19-4043-848C-C9E4FF1EA1BA}.Debug|Any CPU.ActiveCfg = Debug|Any CPU
		{7E27A030-1F19-4043-848C-C9E4FF1EA1BA}.Debug|Any CPU.Build.0 = Debug|Any CPU
		{7E27A030-1F19-4043-848C-C9E4FF1EA1BA}.Debug|x64.ActiveCfg = Debug|Any CPU
		{7E27A030-1F19-4043-848C-C9E4FF1EA1BA}.Debug|x64.Build.0 = Debug|Any CPU
		{7E27A030-1F19-4043-848C-C9E4FF1EA1BA}.Debug|x86.ActiveCfg = Debug|Any CPU
		{7E27A030-1F19-4043-848C-C9E4FF1EA1BA}.Debug|x86.Build.0 = Debug|Any CPU
		{7E27A030-1F19-4043-848C-C9E4FF1EA1BA}.Release|Any CPU.ActiveCfg = Release|Any CPU
		{7E27A030-1F19-4043-848C-C9E4FF1EA1BA}.Release|Any CPU.Build.0 = Release|Any CPU
		{7E27A030-1F19-4043-848C-C9E4FF1EA1BA}.Release|x64.ActiveCfg = Release|Any CPU
		{7E27A030-1F19-4043-848C-C9E4FF1EA1BA}.Release|x64.Build.0 = Release|Any CPU
		{7E27A030-1F19-4043-848C-C9E4FF1EA1BA}.Release|x86.ActiveCfg = Release|Any CPU
		{7E27A030-1F19-4043-848C-C9E4FF1EA1BA}.Release|x86.Build.0 = Release|Any CPU
		{D35CABBB-8E7C-4BF4-89A2-4F1C0671E780}.Debug|Any CPU.ActiveCfg = Debug|Any CPU
		{D35CABBB-8E7C-4BF4-89A2-4F1C0671E780}.Debug|Any CPU.Build.0 = Debug|Any CPU
		{D35CABBB-8E7C-4BF4-89A2-4F1C0671E780}.Debug|x64.ActiveCfg = Debug|Any CPU
		{D35CABBB-8E7C-4BF4-89A2-4F1C0671E780}.Debug|x64.Build.0 = Debug|Any CPU
		{D35CABBB-8E7C-4BF4-89A2-4F1C0671E780}.Debug|x86.ActiveCfg = Debug|Any CPU
		{D35CABBB-8E7C-4BF4-89A2-4F1C0671E780}.Debug|x86.Build.0 = Debug|Any CPU
		{D35CABBB-8E7C-4BF4-89A2-4F1C0671E780}.Release|Any CPU.ActiveCfg = Release|Any CPU
		{D35CABBB-8E7C-4BF4-89A2-4F1C0671E780}.Release|Any CPU.Build.0 = Release|Any CPU
		{D35CABBB-8E7C-4BF4-89A2-4F1C0671E780}.Release|x64.ActiveCfg = Release|Any CPU
		{D35CABBB-8E7C-4BF4-89A2-4F1C0671E780}.Release|x64.Build.0 = Release|Any CPU
		{D35CABBB-8E7C-4BF4-89A2-4F1C0671E780}.Release|x86.ActiveCfg = Release|Any CPU
		{D35CABBB-8E7C-4BF4-89A2-4F1C0671E780}.Release|x86.Build.0 = Release|Any CPU
		{55891220-63F2-4DDD-AA31-7176552CDBE9}.Debug|Any CPU.ActiveCfg = Debug|Any CPU
		{55891220-63F2-4DDD-AA31-7176552CDBE9}.Debug|Any CPU.Build.0 = Debug|Any CPU
		{55891220-63F2-4DDD-AA31-7176552CDBE9}.Debug|x64.ActiveCfg = Debug|Any CPU
		{55891220-63F2-4DDD-AA31-7176552CDBE9}.Debug|x64.Build.0 = Debug|Any CPU
		{55891220-63F2-4DDD-AA31-7176552CDBE9}.Debug|x86.ActiveCfg = Debug|Any CPU
		{55891220-63F2-4DDD-AA31-7176552CDBE9}.Debug|x86.Build.0 = Debug|Any CPU
		{55891220-63F2-4DDD-AA31-7176552CDBE9}.Release|Any CPU.ActiveCfg = Release|Any CPU
		{55891220-63F2-4DDD-AA31-7176552CDBE9}.Release|Any CPU.Build.0 = Release|Any CPU
		{55891220-63F2-4DDD-AA31-7176552CDBE9}.Release|x64.ActiveCfg = Release|Any CPU
		{55891220-63F2-4DDD-AA31-7176552CDBE9}.Release|x64.Build.0 = Release|Any CPU
		{55891220-63F2-4DDD-AA31-7176552CDBE9}.Release|x86.ActiveCfg = Release|Any CPU
		{55891220-63F2-4DDD-AA31-7176552CDBE9}.Release|x86.Build.0 = Release|Any CPU
		{A9039429-16DE-4646-B8F8-450AC3D67940}.Debug|Any CPU.ActiveCfg = Debug|Any CPU
		{A9039429-16DE-4646-B8F8-450AC3D67940}.Debug|Any CPU.Build.0 = Debug|Any CPU
		{A9039429-16DE-4646-B8F8-450AC3D67940}.Debug|x64.ActiveCfg = Debug|Any CPU
		{A9039429-16DE-4646-B8F8-450AC3D67940}.Debug|x64.Build.0 = Debug|Any CPU
		{A9039429-16DE-4646-B8F8-450AC3D67940}.Debug|x86.ActiveCfg = Debug|Any CPU
		{A9039429-16DE-4646-B8F8-450AC3D67940}.Debug|x86.Build.0 = Debug|Any CPU
		{A9039429-16DE-4646-B8F8-450AC3D67940}.Release|Any CPU.ActiveCfg = Release|Any CPU
		{A9039429-16DE-4646-B8F8-450AC3D67940}.Release|Any CPU.Build.0 = Release|Any CPU
		{A9039429-16DE-4646-B8F8-450AC3D67940}.Release|x64.ActiveCfg = Release|Any CPU
		{A9039429-16DE-4646-B8F8-450AC3D67940}.Release|x64.Build.0 = Release|Any CPU
		{A9039429-16DE-4646-B8F8-450AC3D67940}.Release|x86.ActiveCfg = Release|Any CPU
		{A9039429-16DE-4646-B8F8-450AC3D67940}.Release|x86.Build.0 = Release|Any CPU
		{0A3753C0-6946-456E-883E-3F265ACA5FB3}.Debug|Any CPU.ActiveCfg = Debug|Any CPU
		{0A3753C0-6946-456E-883E-3F265ACA5FB3}.Debug|Any CPU.Build.0 = Debug|Any CPU
		{0A3753C0-6946-456E-883E-3F265ACA5FB3}.Debug|x64.ActiveCfg = Debug|Any CPU
		{0A3753C0-6946-456E-883E-3F265ACA5FB3}.Debug|x64.Build.0 = Debug|Any CPU
		{0A3753C0-6946-456E-883E-3F265ACA5FB3}.Debug|x86.ActiveCfg = Debug|Any CPU
		{0A3753C0-6946-456E-883E-3F265ACA5FB3}.Debug|x86.Build.0 = Debug|Any CPU
		{0A3753C0-6946-456E-883E-3F265ACA5FB3}.Release|Any CPU.ActiveCfg = Release|Any CPU
		{0A3753C0-6946-456E-883E-3F265ACA5FB3}.Release|Any CPU.Build.0 = Release|Any CPU
		{0A3753C0-6946-456E-883E-3F265ACA5FB3}.Release|x64.ActiveCfg = Release|Any CPU
		{0A3753C0-6946-456E-883E-3F265ACA5FB3}.Release|x64.Build.0 = Release|Any CPU
		{0A3753C0-6946-456E-883E-3F265ACA5FB3}.Release|x86.ActiveCfg = Release|Any CPU
		{0A3753C0-6946-456E-883E-3F265ACA5FB3}.Release|x86.Build.0 = Release|Any CPU
		{04B7C662-AF73-4861-AB83-E9BD891C1892}.Debug|Any CPU.ActiveCfg = Debug|Any CPU
		{04B7C662-AF73-4861-AB83-E9BD891C1892}.Debug|Any CPU.Build.0 = Debug|Any CPU
		{04B7C662-AF73-4861-AB83-E9BD891C1892}.Debug|x64.ActiveCfg = Debug|Any CPU
		{04B7C662-AF73-4861-AB83-E9BD891C1892}.Debug|x64.Build.0 = Debug|Any CPU
		{04B7C662-AF73-4861-AB83-E9BD891C1892}.Debug|x86.ActiveCfg = Debug|Any CPU
		{04B7C662-AF73-4861-AB83-E9BD891C1892}.Debug|x86.Build.0 = Debug|Any CPU
		{04B7C662-AF73-4861-AB83-E9BD891C1892}.Release|Any CPU.ActiveCfg = Release|Any CPU
		{04B7C662-AF73-4861-AB83-E9BD891C1892}.Release|Any CPU.Build.0 = Release|Any CPU
		{04B7C662-AF73-4861-AB83-E9BD891C1892}.Release|x64.ActiveCfg = Release|Any CPU
		{04B7C662-AF73-4861-AB83-E9BD891C1892}.Release|x64.Build.0 = Release|Any CPU
		{04B7C662-AF73-4861-AB83-E9BD891C1892}.Release|x86.ActiveCfg = Release|Any CPU
		{04B7C662-AF73-4861-AB83-E9BD891C1892}.Release|x86.Build.0 = Release|Any CPU
		{C8164C01-1240-47A7-B8CA-1B704FB8DCB0}.Debug|Any CPU.ActiveCfg = Debug|Any CPU
		{C8164C01-1240-47A7-B8CA-1B704FB8DCB0}.Debug|Any CPU.Build.0 = Debug|Any CPU
		{C8164C01-1240-47A7-B8CA-1B704FB8DCB0}.Debug|x64.ActiveCfg = Debug|Any CPU
		{C8164C01-1240-47A7-B8CA-1B704FB8DCB0}.Debug|x64.Build.0 = Debug|Any CPU
		{C8164C01-1240-47A7-B8CA-1B704FB8DCB0}.Debug|x86.ActiveCfg = Debug|Any CPU
		{C8164C01-1240-47A7-B8CA-1B704FB8DCB0}.Debug|x86.Build.0 = Debug|Any CPU
		{C8164C01-1240-47A7-B8CA-1B704FB8DCB0}.Release|Any CPU.ActiveCfg = Release|Any CPU
		{C8164C01-1240-47A7-B8CA-1B704FB8DCB0}.Release|Any CPU.Build.0 = Release|Any CPU
		{C8164C01-1240-47A7-B8CA-1B704FB8DCB0}.Release|x64.ActiveCfg = Release|Any CPU
		{C8164C01-1240-47A7-B8CA-1B704FB8DCB0}.Release|x64.Build.0 = Release|Any CPU
		{C8164C01-1240-47A7-B8CA-1B704FB8DCB0}.Release|x86.ActiveCfg = Release|Any CPU
		{C8164C01-1240-47A7-B8CA-1B704FB8DCB0}.Release|x86.Build.0 = Release|Any CPU
		{1CCBA9DD-A81D-4CCA-B091-FF5BE1804D01}.Debug|Any CPU.ActiveCfg = Debug|Any CPU
		{1CCBA9DD-A81D-4CCA-B091-FF5BE1804D01}.Debug|Any CPU.Build.0 = Debug|Any CPU
		{1CCBA9DD-A81D-4CCA-B091-FF5BE1804D01}.Debug|x64.ActiveCfg = Debug|Any CPU
		{1CCBA9DD-A81D-4CCA-B091-FF5BE1804D01}.Debug|x64.Build.0 = Debug|Any CPU
		{1CCBA9DD-A81D-4CCA-B091-FF5BE1804D01}.Debug|x86.ActiveCfg = Debug|Any CPU
		{1CCBA9DD-A81D-4CCA-B091-FF5BE1804D01}.Debug|x86.Build.0 = Debug|Any CPU
		{1CCBA9DD-A81D-4CCA-B091-FF5BE1804D01}.Release|Any CPU.ActiveCfg = Release|Any CPU
		{1CCBA9DD-A81D-4CCA-B091-FF5BE1804D01}.Release|Any CPU.Build.0 = Release|Any CPU
		{1CCBA9DD-A81D-4CCA-B091-FF5BE1804D01}.Release|x64.ActiveCfg = Release|Any CPU
		{1CCBA9DD-A81D-4CCA-B091-FF5BE1804D01}.Release|x64.Build.0 = Release|Any CPU
		{1CCBA9DD-A81D-4CCA-B091-FF5BE1804D01}.Release|x86.ActiveCfg = Release|Any CPU
		{1CCBA9DD-A81D-4CCA-B091-FF5BE1804D01}.Release|x86.Build.0 = Release|Any CPU
		{17EF4AFE-9299-4673-B55D-0B830D6A0B24}.Debug|Any CPU.ActiveCfg = Debug|Any CPU
		{17EF4AFE-9299-4673-B55D-0B830D6A0B24}.Debug|Any CPU.Build.0 = Debug|Any CPU
		{17EF4AFE-9299-4673-B55D-0B830D6A0B24}.Debug|x64.ActiveCfg = Debug|Any CPU
		{17EF4AFE-9299-4673-B55D-0B830D6A0B24}.Debug|x64.Build.0 = Debug|Any CPU
		{17EF4AFE-9299-4673-B55D-0B830D6A0B24}.Debug|x86.ActiveCfg = Debug|Any CPU
		{17EF4AFE-9299-4673-B55D-0B830D6A0B24}.Debug|x86.Build.0 = Debug|Any CPU
		{17EF4AFE-9299-4673-B55D-0B830D6A0B24}.Release|Any CPU.ActiveCfg = Release|Any CPU
		{17EF4AFE-9299-4673-B55D-0B830D6A0B24}.Release|Any CPU.Build.0 = Release|Any CPU
		{17EF4AFE-9299-4673-B55D-0B830D6A0B24}.Release|x64.ActiveCfg = Release|Any CPU
		{17EF4AFE-9299-4673-B55D-0B830D6A0B24}.Release|x64.Build.0 = Release|Any CPU
		{17EF4AFE-9299-4673-B55D-0B830D6A0B24}.Release|x86.ActiveCfg = Release|Any CPU
		{17EF4AFE-9299-4673-B55D-0B830D6A0B24}.Release|x86.Build.0 = Release|Any CPU
		{2CAD425D-73A9-4FE5-BAD3-87DF37570F21}.Debug|Any CPU.ActiveCfg = Debug|Any CPU
		{2CAD425D-73A9-4FE5-BAD3-87DF37570F21}.Debug|Any CPU.Build.0 = Debug|Any CPU
		{2CAD425D-73A9-4FE5-BAD3-87DF37570F21}.Debug|x64.ActiveCfg = Debug|Any CPU
		{2CAD425D-73A9-4FE5-BAD3-87DF37570F21}.Debug|x64.Build.0 = Debug|Any CPU
		{2CAD425D-73A9-4FE5-BAD3-87DF37570F21}.Debug|x86.ActiveCfg = Debug|Any CPU
		{2CAD425D-73A9-4FE5-BAD3-87DF37570F21}.Debug|x86.Build.0 = Debug|Any CPU
		{2CAD425D-73A9-4FE5-BAD3-87DF37570F21}.Release|Any CPU.ActiveCfg = Release|Any CPU
		{2CAD425D-73A9-4FE5-BAD3-87DF37570F21}.Release|Any CPU.Build.0 = Release|Any CPU
		{2CAD425D-73A9-4FE5-BAD3-87DF37570F21}.Release|x64.ActiveCfg = Release|Any CPU
		{2CAD425D-73A9-4FE5-BAD3-87DF37570F21}.Release|x64.Build.0 = Release|Any CPU
		{2CAD425D-73A9-4FE5-BAD3-87DF37570F21}.Release|x86.ActiveCfg = Release|Any CPU
		{2CAD425D-73A9-4FE5-BAD3-87DF37570F21}.Release|x86.Build.0 = Release|Any CPU
		{06DE3DD8-8AA2-4501-92AB-42BC907FA4BF}.Debug|Any CPU.ActiveCfg = Debug|Any CPU
		{06DE3DD8-8AA2-4501-92AB-42BC907FA4BF}.Debug|Any CPU.Build.0 = Debug|Any CPU
		{06DE3DD8-8AA2-4501-92AB-42BC907FA4BF}.Debug|x64.ActiveCfg = Debug|Any CPU
		{06DE3DD8-8AA2-4501-92AB-42BC907FA4BF}.Debug|x64.Build.0 = Debug|Any CPU
		{06DE3DD8-8AA2-4501-92AB-42BC907FA4BF}.Debug|x86.ActiveCfg = Debug|Any CPU
		{06DE3DD8-8AA2-4501-92AB-42BC907FA4BF}.Debug|x86.Build.0 = Debug|Any CPU
		{06DE3DD8-8AA2-4501-92AB-42BC907FA4BF}.Release|Any CPU.ActiveCfg = Release|Any CPU
		{06DE3DD8-8AA2-4501-92AB-42BC907FA4BF}.Release|Any CPU.Build.0 = Release|Any CPU
		{06DE3DD8-8AA2-4501-92AB-42BC907FA4BF}.Release|x64.ActiveCfg = Release|Any CPU
		{06DE3DD8-8AA2-4501-92AB-42BC907FA4BF}.Release|x64.Build.0 = Release|Any CPU
		{06DE3DD8-8AA2-4501-92AB-42BC907FA4BF}.Release|x86.ActiveCfg = Release|Any CPU
		{06DE3DD8-8AA2-4501-92AB-42BC907FA4BF}.Release|x86.Build.0 = Release|Any CPU
		{96BFF793-8266-4939-B9AF-CE10317A5C3D}.Debug|Any CPU.ActiveCfg = Debug|Any CPU
		{96BFF793-8266-4939-B9AF-CE10317A5C3D}.Debug|Any CPU.Build.0 = Debug|Any CPU
		{96BFF793-8266-4939-B9AF-CE10317A5C3D}.Debug|x64.ActiveCfg = Debug|Any CPU
		{96BFF793-8266-4939-B9AF-CE10317A5C3D}.Debug|x64.Build.0 = Debug|Any CPU
		{96BFF793-8266-4939-B9AF-CE10317A5C3D}.Debug|x86.ActiveCfg = Debug|Any CPU
		{96BFF793-8266-4939-B9AF-CE10317A5C3D}.Debug|x86.Build.0 = Debug|Any CPU
		{96BFF793-8266-4939-B9AF-CE10317A5C3D}.Release|Any CPU.ActiveCfg = Release|Any CPU
		{96BFF793-8266-4939-B9AF-CE10317A5C3D}.Release|Any CPU.Build.0 = Release|Any CPU
		{96BFF793-8266-4939-B9AF-CE10317A5C3D}.Release|x64.ActiveCfg = Release|Any CPU
		{96BFF793-8266-4939-B9AF-CE10317A5C3D}.Release|x64.Build.0 = Release|Any CPU
		{96BFF793-8266-4939-B9AF-CE10317A5C3D}.Release|x86.ActiveCfg = Release|Any CPU
		{96BFF793-8266-4939-B9AF-CE10317A5C3D}.Release|x86.Build.0 = Release|Any CPU
		{ADCBC5C8-7F15-4A7F-AF68-CF9EC8B4B88D}.Debug|Any CPU.ActiveCfg = Debug|Any CPU
		{ADCBC5C8-7F15-4A7F-AF68-CF9EC8B4B88D}.Debug|Any CPU.Build.0 = Debug|Any CPU
		{ADCBC5C8-7F15-4A7F-AF68-CF9EC8B4B88D}.Debug|x64.ActiveCfg = Debug|Any CPU
		{ADCBC5C8-7F15-4A7F-AF68-CF9EC8B4B88D}.Debug|x64.Build.0 = Debug|Any CPU
		{ADCBC5C8-7F15-4A7F-AF68-CF9EC8B4B88D}.Debug|x86.ActiveCfg = Debug|Any CPU
		{ADCBC5C8-7F15-4A7F-AF68-CF9EC8B4B88D}.Debug|x86.Build.0 = Debug|Any CPU
		{ADCBC5C8-7F15-4A7F-AF68-CF9EC8B4B88D}.Release|Any CPU.ActiveCfg = Release|Any CPU
		{ADCBC5C8-7F15-4A7F-AF68-CF9EC8B4B88D}.Release|Any CPU.Build.0 = Release|Any CPU
		{ADCBC5C8-7F15-4A7F-AF68-CF9EC8B4B88D}.Release|x64.ActiveCfg = Release|Any CPU
		{ADCBC5C8-7F15-4A7F-AF68-CF9EC8B4B88D}.Release|x64.Build.0 = Release|Any CPU
		{ADCBC5C8-7F15-4A7F-AF68-CF9EC8B4B88D}.Release|x86.ActiveCfg = Release|Any CPU
		{ADCBC5C8-7F15-4A7F-AF68-CF9EC8B4B88D}.Release|x86.Build.0 = Release|Any CPU
		{1AAE3E77-F20A-4190-ACE3-BE992451DC73}.Debug|Any CPU.ActiveCfg = Debug|Any CPU
		{1AAE3E77-F20A-4190-ACE3-BE992451DC73}.Debug|Any CPU.Build.0 = Debug|Any CPU
		{1AAE3E77-F20A-4190-ACE3-BE992451DC73}.Debug|x64.ActiveCfg = Debug|Any CPU
		{1AAE3E77-F20A-4190-ACE3-BE992451DC73}.Debug|x64.Build.0 = Debug|Any CPU
		{1AAE3E77-F20A-4190-ACE3-BE992451DC73}.Debug|x86.ActiveCfg = Debug|Any CPU
		{1AAE3E77-F20A-4190-ACE3-BE992451DC73}.Debug|x86.Build.0 = Debug|Any CPU
		{1AAE3E77-F20A-4190-ACE3-BE992451DC73}.Release|Any CPU.ActiveCfg = Release|Any CPU
		{1AAE3E77-F20A-4190-ACE3-BE992451DC73}.Release|Any CPU.Build.0 = Release|Any CPU
		{1AAE3E77-F20A-4190-ACE3-BE992451DC73}.Release|x64.ActiveCfg = Release|Any CPU
		{1AAE3E77-F20A-4190-ACE3-BE992451DC73}.Release|x64.Build.0 = Release|Any CPU
		{1AAE3E77-F20A-4190-ACE3-BE992451DC73}.Release|x86.ActiveCfg = Release|Any CPU
		{1AAE3E77-F20A-4190-ACE3-BE992451DC73}.Release|x86.Build.0 = Release|Any CPU
		{BAA89520-247E-4B86-8A34-D313FB4CEC96}.Debug|Any CPU.ActiveCfg = Debug|Any CPU
		{BAA89520-247E-4B86-8A34-D313FB4CEC96}.Debug|Any CPU.Build.0 = Debug|Any CPU
		{BAA89520-247E-4B86-8A34-D313FB4CEC96}.Debug|x64.ActiveCfg = Debug|Any CPU
		{BAA89520-247E-4B86-8A34-D313FB4CEC96}.Debug|x64.Build.0 = Debug|Any CPU
		{BAA89520-247E-4B86-8A34-D313FB4CEC96}.Debug|x86.ActiveCfg = Debug|Any CPU
		{BAA89520-247E-4B86-8A34-D313FB4CEC96}.Debug|x86.Build.0 = Debug|Any CPU
		{BAA89520-247E-4B86-8A34-D313FB4CEC96}.Release|Any CPU.ActiveCfg = Release|Any CPU
		{BAA89520-247E-4B86-8A34-D313FB4CEC96}.Release|Any CPU.Build.0 = Release|Any CPU
		{BAA89520-247E-4B86-8A34-D313FB4CEC96}.Release|x64.ActiveCfg = Release|Any CPU
		{BAA89520-247E-4B86-8A34-D313FB4CEC96}.Release|x64.Build.0 = Release|Any CPU
		{BAA89520-247E-4B86-8A34-D313FB4CEC96}.Release|x86.ActiveCfg = Release|Any CPU
		{BAA89520-247E-4B86-8A34-D313FB4CEC96}.Release|x86.Build.0 = Release|Any CPU
		{384756B4-2E32-4470-ACCD-1CB563E8B9FC}.Debug|Any CPU.ActiveCfg = Debug|Any CPU
		{384756B4-2E32-4470-ACCD-1CB563E8B9FC}.Debug|Any CPU.Build.0 = Debug|Any CPU
		{384756B4-2E32-4470-ACCD-1CB563E8B9FC}.Debug|x64.ActiveCfg = Debug|Any CPU
		{384756B4-2E32-4470-ACCD-1CB563E8B9FC}.Debug|x64.Build.0 = Debug|Any CPU
		{384756B4-2E32-4470-ACCD-1CB563E8B9FC}.Debug|x86.ActiveCfg = Debug|Any CPU
		{384756B4-2E32-4470-ACCD-1CB563E8B9FC}.Debug|x86.Build.0 = Debug|Any CPU
		{384756B4-2E32-4470-ACCD-1CB563E8B9FC}.Release|Any CPU.ActiveCfg = Release|Any CPU
		{384756B4-2E32-4470-ACCD-1CB563E8B9FC}.Release|Any CPU.Build.0 = Release|Any CPU
		{384756B4-2E32-4470-ACCD-1CB563E8B9FC}.Release|x64.ActiveCfg = Release|Any CPU
		{384756B4-2E32-4470-ACCD-1CB563E8B9FC}.Release|x64.Build.0 = Release|Any CPU
		{384756B4-2E32-4470-ACCD-1CB563E8B9FC}.Release|x86.ActiveCfg = Release|Any CPU
		{384756B4-2E32-4470-ACCD-1CB563E8B9FC}.Release|x86.Build.0 = Release|Any CPU
		{877CC82A-EC01-4306-9BF4-8020585C3C07}.Debug|Any CPU.ActiveCfg = Debug|Any CPU
		{877CC82A-EC01-4306-9BF4-8020585C3C07}.Debug|Any CPU.Build.0 = Debug|Any CPU
		{877CC82A-EC01-4306-9BF4-8020585C3C07}.Debug|x64.ActiveCfg = Debug|Any CPU
		{877CC82A-EC01-4306-9BF4-8020585C3C07}.Debug|x64.Build.0 = Debug|Any CPU
		{877CC82A-EC01-4306-9BF4-8020585C3C07}.Debug|x86.ActiveCfg = Debug|Any CPU
		{877CC82A-EC01-4306-9BF4-8020585C3C07}.Debug|x86.Build.0 = Debug|Any CPU
		{877CC82A-EC01-4306-9BF4-8020585C3C07}.Release|Any CPU.ActiveCfg = Release|Any CPU
		{877CC82A-EC01-4306-9BF4-8020585C3C07}.Release|Any CPU.Build.0 = Release|Any CPU
		{877CC82A-EC01-4306-9BF4-8020585C3C07}.Release|x64.ActiveCfg = Release|Any CPU
		{877CC82A-EC01-4306-9BF4-8020585C3C07}.Release|x64.Build.0 = Release|Any CPU
		{877CC82A-EC01-4306-9BF4-8020585C3C07}.Release|x86.ActiveCfg = Release|Any CPU
		{877CC82A-EC01-4306-9BF4-8020585C3C07}.Release|x86.Build.0 = Release|Any CPU
	EndGlobalSection
	GlobalSection(SolutionProperties) = preSolution
		HideSolutionNode = FALSE
	EndGlobalSection
	GlobalSection(NestedProjects) = preSolution
		{7F628C3A-9A6B-4C0D-A4D7-E3A7E0503C5C} = {AB79DF47-429D-4895-9DCD-76899098F007}
		{E814F8AD-5A45-4CFE-8789-2B7D35E0619A} = {AB79DF47-429D-4895-9DCD-76899098F007}
		{73F5C761-A377-470D-AD3F-066A08460BBD} = {AB79DF47-429D-4895-9DCD-76899098F007}
		{427F470C-EDDA-48F7-AB29-E0B0B0096F37} = {AB79DF47-429D-4895-9DCD-76899098F007}
		{900B27D5-27F5-427F-A419-1E37F0FF1815} = {AB79DF47-429D-4895-9DCD-76899098F007}
		{A0754A98-19F2-45BA-8CF8-542D0C0FE9B7} = {AB79DF47-429D-4895-9DCD-76899098F007}
		{B5CEDFBC-9231-40A3-B368-79FC0EF1EBCC} = {AB79DF47-429D-4895-9DCD-76899098F007}
		{D7CA6B7D-0321-46D2-82D9-C1241011D3C3} = {AB79DF47-429D-4895-9DCD-76899098F007}
		{D15FC035-3AE6-40D2-A107-AC08F2D432BD} = {AB79DF47-429D-4895-9DCD-76899098F007}
		{630A5E08-B5AC-4D88-8DA3-515489A4FB4E} = {AB79DF47-429D-4895-9DCD-76899098F007}
		{7E27A030-1F19-4043-848C-C9E4FF1EA1BA} = {AB79DF47-429D-4895-9DCD-76899098F007}
		{D35CABBB-8E7C-4BF4-89A2-4F1C0671E780} = {AB79DF47-429D-4895-9DCD-76899098F007}
		{55891220-63F2-4DDD-AA31-7176552CDBE9} = {AB79DF47-429D-4895-9DCD-76899098F007}
		{A9039429-16DE-4646-B8F8-450AC3D67940} = {AB79DF47-429D-4895-9DCD-76899098F007}
		{0A3753C0-6946-456E-883E-3F265ACA5FB3} = {AB79DF47-429D-4895-9DCD-76899098F007}
		{04B7C662-AF73-4861-AB83-E9BD891C1892} = {AB79DF47-429D-4895-9DCD-76899098F007}
		{C8164C01-1240-47A7-B8CA-1B704FB8DCB0} = {AB79DF47-429D-4895-9DCD-76899098F007}
		{1CCBA9DD-A81D-4CCA-B091-FF5BE1804D01} = {AB79DF47-429D-4895-9DCD-76899098F007}
		{17EF4AFE-9299-4673-B55D-0B830D6A0B24} = {AB79DF47-429D-4895-9DCD-76899098F007}
		{2CAD425D-73A9-4FE5-BAD3-87DF37570F21} = {AB79DF47-429D-4895-9DCD-76899098F007}
		{06DE3DD8-8AA2-4501-92AB-42BC907FA4BF} = {AB79DF47-429D-4895-9DCD-76899098F007}
		{96BFF793-8266-4939-B9AF-CE10317A5C3D} = {AB79DF47-429D-4895-9DCD-76899098F007}
		{ADCBC5C8-7F15-4A7F-AF68-CF9EC8B4B88D} = {AB79DF47-429D-4895-9DCD-76899098F007}
		{1AAE3E77-F20A-4190-ACE3-BE992451DC73} = {AB79DF47-429D-4895-9DCD-76899098F007}
		{BAA89520-247E-4B86-8A34-D313FB4CEC96} = {AB79DF47-429D-4895-9DCD-76899098F007}
		{384756B4-2E32-4470-ACCD-1CB563E8B9FC} = {AB79DF47-429D-4895-9DCD-76899098F007}
	EndGlobalSection
	GlobalSection(ExtensibilityGlobals) = postSolution
		SolutionGuid = {9981ABB2-B09A-48CE-9551-EF54F0D8616F}
	EndGlobalSection
EndGlobal
